
Microsoft Visual Studio Solution File, Format Version 12.00
# Visual Studio 16
VisualStudioVersion = 16
MinimumVisualStudioVersion = 10.0.40219.1
Project("{8BC9CEB8-8B4A-11D0-8D11-00A0C91BC942}") = "TEMPLATE_NAME", "TEMPLATE_NAME.vcxproj", "{TEMPLATE_GUID}"
EndProject
Project("{8BC9CEB8-8B4A-11D0-8D11-00A0C91BC942}") = "Core", "..\Core\Core.vcxproj", "{86A58508-0D6A-4786-A32F-01A301FDC6F3}"
EndProject
Global
	GlobalSection(SolutionConfigurationPlatforms) = preSolution
		Debug|Windows = Debug|Windows
		Profile|Windows = Profile|Windows
		Release|Windows = Release|Windows
	EndGlobalSection
	GlobalSection(ProjectConfigurationPlatforms) = postSolution
		{TEMPLATE_GUID}.Debug|Windows.ActiveCfg = Debug|x64
		{TEMPLATE_GUID}.Debug|Windows.Build.0 = Debug|x64
		{TEMPLATE_GUID}.Profile|Windows.ActiveCfg = Profile|x64
		{TEMPLATE_GUID}.Profile|Windows.Build.0 = Profile|x64
		{TEMPLATE_GUID}.Release|Windows.ActiveCfg = Release|x64
		{TEMPLATE_GUID}.Release|Windows.Build.0 = Release|x64
		{86A58508-0D6A-4786-A32F-01A301FDC6F3}.Debug|Windows.ActiveCfg = Debug|x64
		{86A58508-0D6A-4786-A32F-01A301FDC6F3}.Debug|Windows.Build.0 = Debug|x64
		{86A58508-0D6A-4786-A32F-01A301FDC6F3}.Profile|Windows.ActiveCfg = Profile|x64
		{86A58508-0D6A-4786-A32F-01A301FDC6F3}.Profile|Windows.Build.0 = Profile|x64
		{86A58508-0D6A-4786-A32F-01A301FDC6F3}.Release|Windows.ActiveCfg = Release|x64
		{86A58508-0D6A-4786-A32F-01A301FDC6F3}.Release|Windows.Build.0 = Release|x64
	EndGlobalSection
	GlobalSection(SolutionProperties) = preSolution
		HideSolutionNode = FALSE
	EndGlobalSection
EndGlobal
