<?xml version="1.0" encoding="utf-8"?>
<Project ToolsVersion="14.0" xmlns="http://schemas.microsoft.com/developer/msbuild/2003">
  <ItemGroup>
    <ClInclude Include="CameraController.h">
      <Filter>Source Files</Filter>
    </ClInclude>
    <ClInclude Include="FileUtility.h">
      <Filter>Source Files</Filter>
    </ClInclude>
    <ClInclude Include="GameCore.h">
      <Filter>Source Files</Filter>
    </ClInclude>
    <ClInclude Include="GameInput.h">
      <Filter>Source Files</Filter>
    </ClInclude>
    <ClInclude Include="pch.h">
      <Filter>Source Files</Filter>
    </ClInclude>
    <ClInclude Include="EngineTuning.h">
      <Filter>Source Files</Filter>
    </ClInclude>
    <ClInclude Include="SystemTime.h">
      <Filter>Source Files</Filter>
    </ClInclude>
    <ClInclude Include="Utility.h">
      <Filter>Source Files</Filter>
    </ClInclude>
    <ClInclude Include="BufferManager.h">
      <Filter>Source Files\Graphics</Filter>
    </ClInclude>
    <ClInclude Include="ColorBuffer.h">
      <Filter>Source Files\Graphics</Filter>
    </ClInclude>
    <ClInclude Include="DepthBuffer.h">
      <Filter>Source Files\Graphics</Filter>
    </ClInclude>
    <ClInclude Include="GraphicsCore.h">
      <Filter>Source Files\Graphics</Filter>
    </ClInclude>
    <ClInclude Include="LinearAllocator.h">
      <Filter>Source Files\Graphics</Filter>
    </ClInclude>
    <ClInclude Include="MotionBlur.h">
      <Filter>Source Files\Graphics</Filter>
    </ClInclude>
    <ClInclude Include="PixelBuffer.h">
      <Filter>Source Files\Graphics</Filter>
    </ClInclude>
    <ClInclude Include="PostEffects.h">
      <Filter>Source Files\Graphics</Filter>
    </ClInclude>
    <ClInclude Include="ShadowBuffer.h">
      <Filter>Source Files\Graphics</Filter>
    </ClInclude>
    <ClInclude Include="SSAO.h">
      <Filter>Source Files\Graphics</Filter>
    </ClInclude>
    <ClInclude Include="TextRenderer.h">
      <Filter>Source Files\Graphics</Filter>
    </ClInclude>
    <ClInclude Include="FXAA.h">
      <Filter>Source Files\Graphics</Filter>
    </ClInclude>
    <ClInclude Include="EsramAllocator.h">
      <Filter>Source Files\Graphics</Filter>
    </ClInclude>
    <ClInclude Include="EngineProfiling.h">
      <Filter>Source Files</Filter>
    </ClInclude>
    <ClInclude Include="Color.h">
      <Filter>Source Files\Graphics</Filter>
    </ClInclude>
    <ClInclude Include="Math\BoundingPlane.h">
      <Filter>Source Files\Math</Filter>
    </ClInclude>
    <ClInclude Include="Math\BoundingSphere.h">
      <Filter>Source Files\Math</Filter>
    </ClInclude>
    <ClInclude Include="Math\Common.h">
      <Filter>Source Files\Math</Filter>
    </ClInclude>
    <ClInclude Include="Math\Frustum.h">
      <Filter>Source Files\Math</Filter>
    </ClInclude>
    <ClInclude Include="Math\Matrix3.h">
      <Filter>Source Files\Math</Filter>
    </ClInclude>
    <ClInclude Include="Math\Matrix4.h">
      <Filter>Source Files\Math</Filter>
    </ClInclude>
    <ClInclude Include="Math\Quaternion.h">
      <Filter>Source Files\Math</Filter>
    </ClInclude>
    <ClInclude Include="Math\Scalar.h">
      <Filter>Source Files\Math</Filter>
    </ClInclude>
    <ClInclude Include="Math\Transform.h">
      <Filter>Source Files\Math</Filter>
    </ClInclude>
    <ClInclude Include="Math\Vector.h">
      <Filter>Source Files\Math</Filter>
    </ClInclude>
    <ClInclude Include="Camera.h">
      <Filter>Source Files\Graphics</Filter>
    </ClInclude>
    <ClInclude Include="ShadowCamera.h">
      <Filter>Source Files\Graphics</Filter>
    </ClInclude>
    <ClInclude Include="GpuBuffer.h">
      <Filter>Source Files\Graphics</Filter>
    </ClInclude>
    <ClInclude Include="PipelineState.h">
      <Filter>Source Files\Graphics</Filter>
    </ClInclude>
    <ClInclude Include="RootSignature.h">
      <Filter>Source Files\Graphics</Filter>
    </ClInclude>
    <ClInclude Include="Hash.h">
      <Filter>Source Files\Graphics</Filter>
    </ClInclude>
    <ClInclude Include="SamplerManager.h">
      <Filter>Source Files\Graphics</Filter>
    </ClInclude>
    <ClInclude Include="CommandContext.h">
      <Filter>Source Files\Graphics</Filter>
    </ClInclude>
    <ClInclude Include="DescriptorHeap.h">
      <Filter>Source Files\Graphics</Filter>
    </ClInclude>
    <ClInclude Include="DDSTextureLoader.h">
      <Filter>Source Files\Graphics</Filter>
    </ClInclude>
    <ClInclude Include="CommandListManager.h">
      <Filter>Source Files\Graphics</Filter>
    </ClInclude>
    <ClInclude Include="GpuResource.h">
      <Filter>Source Files\Graphics</Filter>
    </ClInclude>
    <ClInclude Include="CommandSignature.h">
      <Filter>Source Files\Graphics</Filter>
    </ClInclude>
    <ClInclude Include="dds.h">
      <Filter>Source Files\Graphics</Filter>
    </ClInclude>
    <ClInclude Include="DynamicDescriptorHeap.h">
      <Filter>Source Files\Graphics</Filter>
    </ClInclude>
    <ClInclude Include="DepthOfField.h">
      <Filter>Source Files\Graphics</Filter>
    </ClInclude>
    <ClInclude Include="VectorMath.h">
      <Filter>Source Files</Filter>
    </ClInclude>
    <ClInclude Include="ParticleEffect.h">
      <Filter>Source Files\ParticleEffects</Filter>
    </ClInclude>
    <ClInclude Include="ParticleEffectManager.h">
      <Filter>Source Files\ParticleEffects</Filter>
    </ClInclude>
    <ClInclude Include="ParticleEffectProperties.h">
      <Filter>Source Files\ParticleEffects</Filter>
    </ClInclude>
    <ClInclude Include="ParticleShaderStructs.h">
      <Filter>Source Files\ParticleEffects</Filter>
    </ClInclude>
    <ClInclude Include="Math\Random.h">
      <Filter>Source Files\Math</Filter>
    </ClInclude>
    <ClInclude Include="TextureManager.h">
      <Filter>Source Files\Graphics</Filter>
    </ClInclude>
    <ClInclude Include="d3dx12.h">
      <Filter>Source Files\Graphics</Filter>
    </ClInclude>
    <ClInclude Include="GpuTimeManager.h">
      <Filter>Source Files\Graphics</Filter>
    </ClInclude>
    <ClInclude Include="GraphRenderer.h">
      <Filter>Source Files\Graphics</Filter>
    </ClInclude>
    <ClInclude Include="CommandAllocatorPool.h">
      <Filter>Source Files\Graphics</Filter>
    </ClInclude>
    <ClInclude Include="BuddyAllocator.h">
      <Filter>Source Files\Graphics</Filter>
    </ClInclude>
  </ItemGroup>
  <ItemGroup>
    <ClCompile Include="SystemTime.cpp">
      <Filter>Source Files</Filter>
    </ClCompile>
    <ClCompile Include="GameInput.cpp">
      <Filter>Source Files</Filter>
    </ClCompile>
    <ClCompile Include="CameraController.cpp">
      <Filter>Source Files</Filter>
    </ClCompile>
    <ClCompile Include="pch.cpp">
      <Filter>Source Files</Filter>
    </ClCompile>
    <ClCompile Include="FileUtility.cpp">
      <Filter>Source Files</Filter>
    </ClCompile>
    <ClCompile Include="GameCore.cpp">
      <Filter>Source Files</Filter>
    </ClCompile>
    <ClCompile Include="BufferManager.cpp">
      <Filter>Source Files\Graphics</Filter>
    </ClCompile>
    <ClCompile Include="GraphicsCore.cpp">
      <Filter>Source Files\Graphics</Filter>
    </ClCompile>
    <ClCompile Include="Math\Frustum.cpp">
      <Filter>Source Files\Math</Filter>
    </ClCompile>
    <ClCompile Include="Camera.cpp">
      <Filter>Source Files\Graphics</Filter>
    </ClCompile>
    <ClCompile Include="ShadowCamera.cpp">
      <Filter>Source Files\Graphics</Filter>
    </ClCompile>
    <ClCompile Include="PipelineState.cpp">
      <Filter>Source Files\Graphics</Filter>
    </ClCompile>
    <ClCompile Include="RootSignature.cpp">
      <Filter>Source Files\Graphics</Filter>
    </ClCompile>
    <ClCompile Include="SamplerManager.cpp">
      <Filter>Source Files\Graphics</Filter>
    </ClCompile>
    <ClCompile Include="CommandContext.cpp">
      <Filter>Source Files\Graphics</Filter>
    </ClCompile>
    <ClCompile Include="DescriptorHeap.cpp">
      <Filter>Source Files\Graphics</Filter>
    </ClCompile>
    <ClCompile Include="DDSTextureLoader.cpp">
      <Filter>Source Files\Graphics</Filter>
    </ClCompile>
    <ClCompile Include="EngineTuning.cpp">
      <Filter>Source Files</Filter>
    </ClCompile>
    <ClCompile Include="EngineProfiling.cpp">
      <Filter>Source Files</Filter>
    </ClCompile>
    <ClCompile Include="CommandListManager.cpp">
      <Filter>Source Files\Graphics</Filter>
    </ClCompile>
    <ClCompile Include="ColorBuffer.cpp">
      <Filter>Source Files\Graphics</Filter>
    </ClCompile>
    <ClCompile Include="PixelBuffer.cpp">
      <Filter>Source Files\Graphics</Filter>
    </ClCompile>
    <ClCompile Include="DepthBuffer.cpp">
      <Filter>Source Files\Graphics</Filter>
    </ClCompile>
    <ClCompile Include="ShadowBuffer.cpp">
      <Filter>Source Files\Graphics</Filter>
    </ClCompile>
    <ClCompile Include="GpuBuffer.cpp">
      <Filter>Source Files\Graphics</Filter>
    </ClCompile>
    <ClCompile Include="LinearAllocator.cpp">
      <Filter>Source Files\Graphics</Filter>
    </ClCompile>
    <ClCompile Include="TextRenderer.cpp">
      <Filter>Source Files\Graphics</Filter>
    </ClCompile>
    <ClCompile Include="TextureManager.cpp">
      <Filter>Source Files\Graphics</Filter>
    </ClCompile>
    <ClCompile Include="PostEffects.cpp">
      <Filter>Source Files\Graphics</Filter>
    </ClCompile>
    <ClCompile Include="FXAA.cpp">
      <Filter>Source Files\Graphics</Filter>
    </ClCompile>
    <ClCompile Include="Utility.cpp">
      <Filter>Source Files</Filter>
    </ClCompile>
    <ClCompile Include="SSAO.cpp">
      <Filter>Source Files\Graphics</Filter>
    </ClCompile>
    <ClCompile Include="MotionBlur.cpp">
      <Filter>Source Files\Graphics</Filter>
    </ClCompile>
    <ClCompile Include="CommandSignature.cpp">
      <Filter>Source Files\Graphics</Filter>
    </ClCompile>
    <ClCompile Include="DynamicDescriptorHeap.cpp">
      <Filter>Source Files\Graphics</Filter>
    </ClCompile>
    <ClCompile Include="DepthOfField.cpp">
      <Filter>Source Files\Graphics</Filter>
    </ClCompile>
    <ClCompile Include="ParticleEffect.cpp">
      <Filter>Source Files\ParticleEffects</Filter>
    </ClCompile>
    <ClCompile Include="ParticleEffectManager.cpp">
      <Filter>Source Files\ParticleEffects</Filter>
    </ClCompile>
    <ClCompile Include="ParticleEmissionProperties.cpp">
      <Filter>Source Files\ParticleEffects</Filter>
    </ClCompile>
    <ClCompile Include="Math\Random.cpp">
      <Filter>Source Files\Math</Filter>
    </ClCompile>
    <ClCompile Include="GpuTimeManager.cpp">
      <Filter>Source Files\Graphics</Filter>
    </ClCompile>
    <ClCompile Include="GraphRenderer.cpp">
      <Filter>Source Files\Graphics</Filter>
    </ClCompile>
    <ClCompile Include="CommandAllocatorPool.cpp">
      <Filter>Source Files\Graphics</Filter>
    </ClCompile>
    <ClCompile Include="BuddyAllocator.cpp">
      <Filter>Source Files\Graphics</Filter>
    </ClCompile>
  </ItemGroup>
  <ItemGroup>
    <Filter Include="Source Files">
      <UniqueIdentifier>{3e74f37f-1e1e-47ed-9c44-213389384278}</UniqueIdentifier>
    </Filter>
    <Filter Include="Shaders">
      <UniqueIdentifier>{1f1bcce9-78f0-4b80-b715-6c87fc6ab458}</UniqueIdentifier>
    </Filter>
    <Filter Include="Source Files\Graphics">
      <UniqueIdentifier>{654fa440-b708-422e-b398-76625052f65d}</UniqueIdentifier>
    </Filter>
    <Filter Include="Source Files\Math">
      <UniqueIdentifier>{88832a4d-d1d7-417b-95dd-19e85e4e4925}</UniqueIdentifier>
    </Filter>
    <Filter Include="Source Files\ParticleEffects">
      <UniqueIdentifier>{b3fb4ae8-ce74-4476-92e5-e474dbd0f52d}</UniqueIdentifier>
    </Filter>
    <Filter Include="Shaders\SSAO">
      <UniqueIdentifier>{b12f874a-0281-4c0a-a1c5-b9f84bf1b4cc}</UniqueIdentifier>
    </Filter>
    <Filter Include="Shaders\Particles">
      <UniqueIdentifier>{139dc1ab-725f-432c-8813-f550c0c90a54}</UniqueIdentifier>
    </Filter>
    <Filter Include="Shaders\DoF">
      <UniqueIdentifier>{7a95a1be-f0d2-42d7-8787-47125d0d8dc7}</UniqueIdentifier>
    </Filter>
    <Filter Include="Shaders\FXAA">
      <UniqueIdentifier>{be1a569c-d662-49be-971b-40d0c8febec6}</UniqueIdentifier>
    </Filter>
    <Filter Include="Shaders\HDR">
      <UniqueIdentifier>{1b22d859-284b-450b-9ed2-a9c0aceb033e}</UniqueIdentifier>
    </Filter>
    <Filter Include="Shaders\MB+TAA">
      <UniqueIdentifier>{7f434daa-8c60-4590-ba57-173c6209d888}</UniqueIdentifier>
    </Filter>
    <Filter Include="Shaders\Text">
      <UniqueIdentifier>{26bdd93c-f50c-4dec-8ecc-eb6d783a7071}</UniqueIdentifier>
    </Filter>
    <Filter Include="Shaders\PerfGraph">
      <UniqueIdentifier>{b5a8a76d-c035-42d6-a864-608af4f678e8}</UniqueIdentifier>
    </Filter>
    <Filter Include="Shaders\Present">
      <UniqueIdentifier>{a12c93f7-f6a6-4dd0-aac0-5cc5fa42b749}</UniqueIdentifier>
    </Filter>
    <Filter Include="Shaders\Misc">
      <UniqueIdentifier>{3de5d9a4-74c3-446a-8fb6-90873bf7321b}</UniqueIdentifier>
    </Filter>
    <Filter Include="Shaders\GenerateMips">
      <UniqueIdentifier>{6bfe1a9c-fe27-4aa4-b232-2f6b673b1f75}</UniqueIdentifier>
    </Filter>
  </ItemGroup>
  <ItemGroup>
    <FxCompile Include="Shaders\AoBlurUpsampleBlendOutCS.hlsl">
      <Filter>Shaders\SSAO</Filter>
    </FxCompile>
    <FxCompile Include="Shaders\AoBlurUpsampleCS.hlsl">
      <Filter>Shaders\SSAO</Filter>
    </FxCompile>
    <FxCompile Include="Shaders\AoBlurUpsamplePreMinBlendOutCS.hlsl">
      <Filter>Shaders\SSAO</Filter>
    </FxCompile>
    <FxCompile Include="Shaders\AoBlurUpsamplePreMinCS.hlsl">
      <Filter>Shaders\SSAO</Filter>
    </FxCompile>
    <FxCompile Include="Shaders\AoPrepareDepthBuffers1CS.hlsl">
      <Filter>Shaders\SSAO</Filter>
    </FxCompile>
    <FxCompile Include="Shaders\AoPrepareDepthBuffers2CS.hlsl">
      <Filter>Shaders\SSAO</Filter>
    </FxCompile>
    <FxCompile Include="Shaders\AoRender1CS.hlsl">
      <Filter>Shaders\SSAO</Filter>
    </FxCompile>
    <FxCompile Include="Shaders\AoRender2CS.hlsl">
      <Filter>Shaders\SSAO</Filter>
    </FxCompile>
    <FxCompile Include="Shaders\DoFCombineCS.hlsl">
      <Filter>Shaders\DoF</Filter>
    </FxCompile>
    <FxCompile Include="Shaders\DoFCombineFastCS.hlsl">
      <Filter>Shaders\DoF</Filter>
    </FxCompile>
    <FxCompile Include="Shaders\DoFDebugBlueCS.hlsl">
      <Filter>Shaders\DoF</Filter>
    </FxCompile>
    <FxCompile Include="Shaders\DoFDebugGreenCS.hlsl">
      <Filter>Shaders\DoF</Filter>
    </FxCompile>
    <FxCompile Include="Shaders\DoFDebugRedCS.hlsl">
      <Filter>Shaders\DoF</Filter>
    </FxCompile>
    <FxCompile Include="Shaders\DoFMedianFilterCS.hlsl">
      <Filter>Shaders\DoF</Filter>
    </FxCompile>
    <FxCompile Include="Shaders\DoFMedianFilterFixupCS.hlsl">
      <Filter>Shaders\DoF</Filter>
    </FxCompile>
    <FxCompile Include="Shaders\DoFMedianFilterSepAlphaCS.hlsl">
      <Filter>Shaders\DoF</Filter>
    </FxCompile>
    <FxCompile Include="Shaders\DoFPass1CS.hlsl">
      <Filter>Shaders\DoF</Filter>
    </FxCompile>
    <FxCompile Include="Shaders\DoFPass2CS.hlsl">
      <Filter>Shaders\DoF</Filter>
    </FxCompile>
    <FxCompile Include="Shaders\DoFPass2DebugCS.hlsl">
      <Filter>Shaders\DoF</Filter>
    </FxCompile>
    <FxCompile Include="Shaders\DoFPass2FastCS.hlsl">
      <Filter>Shaders\DoF</Filter>
    </FxCompile>
    <FxCompile Include="Shaders\DoFPass2FixupCS.hlsl">
      <Filter>Shaders\DoF</Filter>
    </FxCompile>
    <FxCompile Include="Shaders\DoFPreFilterCS.hlsl">
      <Filter>Shaders\DoF</Filter>
    </FxCompile>
    <FxCompile Include="Shaders\DoFPreFilterFastCS.hlsl">
      <Filter>Shaders\DoF</Filter>
    </FxCompile>
    <FxCompile Include="Shaders\DoFPreFilterFixupCS.hlsl">
      <Filter>Shaders\DoF</Filter>
    </FxCompile>
    <FxCompile Include="Shaders\DoFTilePassCS.hlsl">
      <Filter>Shaders\DoF</Filter>
    </FxCompile>
    <FxCompile Include="Shaders\DoFTilePassFixupCS.hlsl">
      <Filter>Shaders\DoF</Filter>
    </FxCompile>
    <FxCompile Include="Shaders\FXAAPass1_Luma_CS.hlsl">
      <Filter>Shaders\FXAA</Filter>
    </FxCompile>
    <FxCompile Include="Shaders\FXAAPass1_RGB_CS.hlsl">
      <Filter>Shaders\FXAA</Filter>
    </FxCompile>
    <FxCompile Include="Shaders\FXAAPass2HCS.hlsl">
      <Filter>Shaders\FXAA</Filter>
    </FxCompile>
    <FxCompile Include="Shaders\FXAAPass2HDebugCS.hlsl">
      <Filter>Shaders\FXAA</Filter>
    </FxCompile>
    <FxCompile Include="Shaders\FXAAPass2VCS.hlsl">
      <Filter>Shaders\FXAA</Filter>
    </FxCompile>
    <FxCompile Include="Shaders\FXAAPass2VDebugCS.hlsl">
      <Filter>Shaders\FXAA</Filter>
    </FxCompile>
    <FxCompile Include="Shaders\FXAAResolveWorkQueueCS.hlsl">
      <Filter>Shaders\FXAA</Filter>
    </FxCompile>
    <FxCompile Include="Shaders\ParticleBinCullingCS.hlsl">
      <Filter>Shaders\Particles</Filter>
    </FxCompile>
    <FxCompile Include="Shaders\ParticleDepthBoundsCS.hlsl">
      <Filter>Shaders\Particles</Filter>
    </FxCompile>
    <FxCompile Include="Shaders\ParticleDispatchIndirectArgsCS.hlsl">
      <Filter>Shaders\Particles</Filter>
    </FxCompile>
    <FxCompile Include="Shaders\ParticleFinalDispatchIndirectArgsCS.hlsl">
      <Filter>Shaders\Particles</Filter>
    </FxCompile>
    <FxCompile Include="Shaders\ParticleInnerSortCS.hlsl">
      <Filter>Shaders\Particles</Filter>
    </FxCompile>
    <FxCompile Include="Shaders\ParticleLargeBinCullingCS.hlsl">
      <Filter>Shaders\Particles</Filter>
    </FxCompile>
    <FxCompile Include="Shaders\ParticleOuterSortCS.hlsl">
      <Filter>Shaders\Particles</Filter>
    </FxCompile>
    <FxCompile Include="Shaders\ParticlePreSortCS.hlsl">
      <Filter>Shaders\Particles</Filter>
    </FxCompile>
    <FxCompile Include="Shaders\ParticlePS.hlsl">
      <Filter>Shaders\Particles</Filter>
    </FxCompile>
    <FxCompile Include="Shaders\ParticleSortIndirectArgsCS.hlsl">
      <Filter>Shaders\Particles</Filter>
    </FxCompile>
    <FxCompile Include="Shaders\ParticleSpawnCS.hlsl">
      <Filter>Shaders\Particles</Filter>
    </FxCompile>
    <FxCompile Include="Shaders\ParticleTileCullingCS.hlsl">
      <Filter>Shaders\Particles</Filter>
    </FxCompile>
    <FxCompile Include="Shaders\ParticleTileRenderCS.hlsl">
      <Filter>Shaders\Particles</Filter>
    </FxCompile>
    <FxCompile Include="Shaders\ParticleTileRenderFastCS.hlsl">
      <Filter>Shaders\Particles</Filter>
    </FxCompile>
    <FxCompile Include="Shaders\ParticleTileRenderFastDynamicCS.hlsl">
      <Filter>Shaders\Particles</Filter>
    </FxCompile>
    <FxCompile Include="Shaders\ParticleTileRenderFastLowResCS.hlsl">
      <Filter>Shaders\Particles</Filter>
    </FxCompile>
    <FxCompile Include="Shaders\ParticleTileRenderSlowDynamicCS.hlsl">
      <Filter>Shaders\Particles</Filter>
    </FxCompile>
    <FxCompile Include="Shaders\ParticleTileRenderSlowLowResCS.hlsl">
      <Filter>Shaders\Particles</Filter>
    </FxCompile>
    <FxCompile Include="Shaders\ParticleUpdateCS.hlsl">
      <Filter>Shaders\Particles</Filter>
    </FxCompile>
    <FxCompile Include="Shaders\ParticleVS.hlsl">
      <Filter>Shaders\Particles</Filter>
    </FxCompile>
    <FxCompile Include="Shaders\AdaptExposureCS.hlsl">
      <Filter>Shaders\HDR</Filter>
    </FxCompile>
    <FxCompile Include="Shaders\ApplyBloomCS.hlsl">
      <Filter>Shaders\HDR</Filter>
    </FxCompile>
    <FxCompile Include="Shaders\AverageLumaCS.hlsl">
      <Filter>Shaders\HDR</Filter>
    </FxCompile>
    <FxCompile Include="Shaders\BloomExtractAndDownsampleHdrCS.hlsl">
      <Filter>Shaders\HDR</Filter>
    </FxCompile>
    <FxCompile Include="Shaders\BloomExtractAndDownsampleLdrCS.hlsl">
      <Filter>Shaders\HDR</Filter>
    </FxCompile>
    <FxCompile Include="Shaders\DebugDrawHistogramCS.hlsl">
      <Filter>Shaders\HDR</Filter>
    </FxCompile>
    <FxCompile Include="Shaders\DebugLuminanceLdrCS.hlsl">
      <Filter>Shaders\HDR</Filter>
    </FxCompile>
    <FxCompile Include="Shaders\DebugLuminanceHdrCS.hlsl">
      <Filter>Shaders\HDR</Filter>
    </FxCompile>
    <FxCompile Include="Shaders\DownsampleBloomCS.hlsl">
      <Filter>Shaders\HDR</Filter>
    </FxCompile>
    <FxCompile Include="Shaders\DownsampleBloomAllCS.hlsl">
      <Filter>Shaders\HDR</Filter>
    </FxCompile>
    <FxCompile Include="Shaders\ExtractLumaCS.hlsl">
      <Filter>Shaders\HDR</Filter>
    </FxCompile>
    <FxCompile Include="Shaders\GenerateHistogramCS.hlsl">
      <Filter>Shaders\HDR</Filter>
    </FxCompile>
    <FxCompile Include="Shaders\ToneMapCS.hlsl">
      <Filter>Shaders\HDR</Filter>
    </FxCompile>
    <FxCompile Include="Shaders\ToneMap2CS.hlsl">
      <Filter>Shaders\HDR</Filter>
    </FxCompile>
    <FxCompile Include="Shaders\BlurCS.hlsl">
      <Filter>Shaders\HDR</Filter>
    </FxCompile>
    <FxCompile Include="Shaders\CameraMotionBlurPrePassCS.hlsl">
      <Filter>Shaders\MB+TAA</Filter>
    </FxCompile>
    <FxCompile Include="Shaders\CameraMotionBlurPrePassLinearZCS.hlsl">
      <Filter>Shaders\MB+TAA</Filter>
    </FxCompile>
    <FxCompile Include="Shaders\CameraVelocityCS.hlsl">
      <Filter>Shaders\MB+TAA</Filter>
    </FxCompile>
    <FxCompile Include="Shaders\MotionBlurFinalPassCS.hlsl">
      <Filter>Shaders\MB+TAA</Filter>
    </FxCompile>
    <FxCompile Include="Shaders\MotionBlurPrePassCS.hlsl">
      <Filter>Shaders\MB+TAA</Filter>
    </FxCompile>
    <FxCompile Include="Shaders\DebugSSAOCS.hlsl">
      <Filter>Shaders\SSAO</Filter>
    </FxCompile>
    <FxCompile Include="Shaders\TemporalBlendCS.hlsl">
      <Filter>Shaders\MB+TAA</Filter>
    </FxCompile>
    <FxCompile Include="Shaders\UpsampleAndBlurCS.hlsl">
      <Filter>Shaders\HDR</Filter>
    </FxCompile>
    <FxCompile Include="Shaders\PerfGraphBackgroundVS.hlsl">
      <Filter>Shaders\PerfGraph</Filter>
    </FxCompile>
    <FxCompile Include="Shaders\PerfGraphPS.hlsl">
      <Filter>Shaders\PerfGraph</Filter>
    </FxCompile>
    <FxCompile Include="Shaders\PerfGraphVS.hlsl">
      <Filter>Shaders\PerfGraph</Filter>
    </FxCompile>
    <FxCompile Include="Shaders\TextAntialiasPS.hlsl">
      <Filter>Shaders\Text</Filter>
    </FxCompile>
    <FxCompile Include="Shaders\TextShadowPS.hlsl">
      <Filter>Shaders\Text</Filter>
    </FxCompile>
    <FxCompile Include="Shaders\TextVS.hlsl">
      <Filter>Shaders\Text</Filter>
    </FxCompile>
    <FxCompile Include="Shaders\LinearizeDepthCS.hlsl">
      <Filter>Shaders\SSAO</Filter>
    </FxCompile>
    <FxCompile Include="Shaders\BicubicUpsamplePS.hlsl">
      <Filter>Shaders\Present</Filter>
    </FxCompile>
    <FxCompile Include="Shaders\BilinearUpsamplePS.hlsl">
      <Filter>Shaders\Present</Filter>
    </FxCompile>
    <FxCompile Include="Shaders\BufferCopyPS.hlsl">
      <Filter>Shaders\Present</Filter>
    </FxCompile>
    <FxCompile Include="Shaders\ConvertLDRToDisplayPS.hlsl">
      <Filter>Shaders\Present</Filter>
    </FxCompile>
    <FxCompile Include="Shaders\ScreenQuadVS.hlsl">
      <Filter>Shaders\Misc</Filter>
    </FxCompile>
    <FxCompile Include="Shaders\GenerateMipsGammaCS.hlsl">
      <Filter>Shaders\GenerateMips</Filter>
    </FxCompile>
    <FxCompile Include="Shaders\GenerateMipsGammaOddCS.hlsl">
      <Filter>Shaders\GenerateMips</Filter>
    </FxCompile>
    <FxCompile Include="Shaders\GenerateMipsGammaOddXCS.hlsl">
      <Filter>Shaders\GenerateMips</Filter>
    </FxCompile>
    <FxCompile Include="Shaders\GenerateMipsGammaOddYCS.hlsl">
      <Filter>Shaders\GenerateMips</Filter>
    </FxCompile>
    <FxCompile Include="Shaders\GenerateMipsLinearCS.hlsl">
      <Filter>Shaders\GenerateMips</Filter>
    </FxCompile>
    <FxCompile Include="Shaders\GenerateMipsLinearOddCS.hlsl">
      <Filter>Shaders\GenerateMips</Filter>
    </FxCompile>
    <FxCompile Include="Shaders\GenerateMipsLinearOddXCS.hlsl">
      <Filter>Shaders\GenerateMips</Filter>
    </FxCompile>
    <FxCompile Include="Shaders\GenerateMipsLinearOddYCS.hlsl">
      <Filter>Shaders\GenerateMips</Filter>
    </FxCompile>
    <FxCompile Include="Shaders\BicubicUpsampleGammaPS.hlsl">
      <Filter>Shaders\Present</Filter>
    </FxCompile>
    <FxCompile Include="Shaders\SharpeningUpsamplePS.hlsl">
      <Filter>Shaders\Present</Filter>
    </FxCompile>
    <FxCompile Include="Shaders\SharpeningUpsampleGammaPS.hlsl">
      <Filter>Shaders\Present</Filter>
    </FxCompile>
    <FxCompile Include="Shaders\BicubicHorizontalUpsamplePS.hlsl">
      <Filter>Shaders\Present</Filter>
    </FxCompile>
    <FxCompile Include="Shaders\BicubicVerticalUpsamplePS.hlsl">
      <Filter>Shaders\Present</Filter>
    </FxCompile>
    <FxCompile Include="Shaders\MagnifyPixelsPS.hlsl">
      <Filter>Shaders\Present</Filter>
    </FxCompile>
    <FxCompile Include="Shaders\ConvertHDRToDisplayPS.hlsl">
      <Filter>Shaders\Present</Filter>
    </FxCompile>
    <FxCompile Include="Shaders\ToneMapHDR2CS.hlsl">
      <Filter>Shaders\HDR</Filter>
    </FxCompile>
    <FxCompile Include="Shaders\ToneMapHDRCS.hlsl">
      <Filter>Shaders\HDR</Filter>
    </FxCompile>
    <FxCompile Include="Shaders\ApplyBloom2CS.hlsl">
      <Filter>Shaders\HDR</Filter>
    </FxCompile>
    <FxCompile Include="Shaders\DebugLuminanceLdr2CS.hlsl">
      <Filter>Shaders\HDR</Filter>
    </FxCompile>
    <FxCompile Include="Shaders\DebugLuminanceHdr2CS.hlsl">
      <Filter>Shaders\HDR</Filter>
    </FxCompile>
    <FxCompile Include="Shaders\DoFCombine2CS.hlsl">
      <Filter>Shaders\DoF</Filter>
    </FxCompile>
    <FxCompile Include="Shaders\DoFCombineFast2CS.hlsl">
      <Filter>Shaders\DoF</Filter>
    </FxCompile>
    <FxCompile Include="Shaders\FXAAPass2H2CS.hlsl">
      <Filter>Shaders\FXAA</Filter>
    </FxCompile>
    <FxCompile Include="Shaders\FXAAPass2V2CS.hlsl">
      <Filter>Shaders\FXAA</Filter>
    </FxCompile>
    <FxCompile Include="Shaders\TemporalBlend2CS.hlsl">
      <Filter>Shaders\MB+TAA</Filter>
    </FxCompile>
    <FxCompile Include="Shaders\ParticleTileRender2CS.hlsl">
      <Filter>Shaders\Particles</Filter>
    </FxCompile>
    <FxCompile Include="Shaders\ParticleTileRenderFast2CS.hlsl">
      <Filter>Shaders\Particles</Filter>
    </FxCompile>
    <FxCompile Include="Shaders\ParticleTileRenderFastDynamic2CS.hlsl">
      <Filter>Shaders\Particles</Filter>
    </FxCompile>
    <FxCompile Include="Shaders\ParticleTileRenderFastLowRes2CS.hlsl">
      <Filter>Shaders\Particles</Filter>
    </FxCompile>
    <FxCompile Include="Shaders\ParticleTileRenderSlowDynamic2CS.hlsl">
      <Filter>Shaders\Particles</Filter>
    </FxCompile>
    <FxCompile Include="Shaders\ParticleTileRenderSlowLowRes2CS.hlsl">
      <Filter>Shaders\Particles</Filter>
    </FxCompile>
    <FxCompile Include="Shaders\CopyBackPostBufferCS.hlsl">
      <Filter>Shaders\Misc</Filter>
    </FxCompile>
    <FxCompile Include="Shaders\MotionBlurFinalPassPS.hlsl">
      <Filter>Shaders\MB+TAA</Filter>
    </FxCompile>
    <FxCompile Include="Shaders\FXAAPass1_Luma2_CS.hlsl">
      <Filter>Shaders\FXAA</Filter>
    </FxCompile>
    <FxCompile Include="Shaders\FXAAPass1_RGB2_CS.hlsl">
      <Filter>Shaders\FXAA</Filter>
    </FxCompile>
  </ItemGroup>
  <ItemGroup>
    <None Include="Math\Functions.inl">
      <Filter>Source Files\Math</Filter>
    </None>
    <None Include="Shaders\DoFCommon.hlsli">
      <Filter>Shaders\DoF</Filter>
    </None>
    <None Include="Shaders\ParticleUtility.hlsli">
      <Filter>Shaders\Particles</Filter>
    </None>
    <None Include="Shaders\ParticleUpdateCommon.hlsli">
      <Filter>Shaders\Particles</Filter>
    </None>
    <None Include="Shaders\AoBlurAndUpsampleCS.hlsli">
      <Filter>Shaders\SSAO</Filter>
    </None>
    <None Include="Shaders\AoRenderCS.hlsli">
      <Filter>Shaders\SSAO</Filter>
    </None>
    <None Include="Shaders\FXAAPass1CS.hlsli">
      <Filter>Shaders\FXAA</Filter>
    </None>
    <None Include="Shaders\FXAAPass2CS.hlsli">
      <Filter>Shaders\FXAA</Filter>
    </None>
    <None Include="Shaders\FXAARootSignature.hlsli">
      <Filter>Shaders\FXAA</Filter>
    </None>
    <None Include="Shaders\PostEffectsRS.hlsli">
      <Filter>Shaders\HDR</Filter>
    </None>
    <None Include="Shaders\TextRS.hlsli">
      <Filter>Shaders\Text</Filter>
    </None>
    <None Include="Shaders\SSAORS.hlsli">
      <Filter>Shaders\SSAO</Filter>
    </None>
    <None Include="Shaders\DoFRS.hlsli">
      <Filter>Shaders\DoF</Filter>
    </None>
    <None Include="Shaders\MotionBlurRS.hlsli">
      <Filter>Shaders\MB+TAA</Filter>
    </None>
    <None Include="Shaders\ParticleRS.hlsli">
      <Filter>Shaders\Particles</Filter>
    </None>
    <None Include="Shaders\PerfGraphRS.hlsli">
      <Filter>Shaders\PerfGraph</Filter>
    </None>
    <None Include="Shaders\PresentRS.hlsli">
      <Filter>Shaders\Present</Filter>
    </None>
    <None Include="Shaders\PixelPacking.hlsli">
      <Filter>Shaders\Misc</Filter>
    </None>
    <None Include="Shaders\ShaderUtility.hlsli">
      <Filter>Shaders\Misc</Filter>
    </None>
    <None Include="Shaders\GenerateMipsCS.hlsli">
      <Filter>Shaders\GenerateMips</Filter>
    </None>
    <None Include="Shaders\PixelPacking_RGBE.hlsli">
      <Filter>Shaders\Misc</Filter>
    </None>
    <None Include="Shaders\PixelPacking_RGBM.hlsli">
      <Filter>Shaders\Misc</Filter>
    </None>
    <None Include="Shaders\ToneMappingUtility.hlsli">
      <Filter>Shaders\HDR</Filter>
    </None>
    <None Include="Shaders\ColorSpaceUtility.hlsli">
      <Filter>Shaders\Misc</Filter>
    </None>
    <None Include="Shaders\PixelPacking_R11G11B10.hlsli">
      <Filter>Shaders\Misc</Filter>
    </None>
  </ItemGroup>
</Project>