
Microsoft Visual Studio Solution File, Format Version 12.00
# Visual Studio Version 16
VisualStudioVersion = 16.0.30611.23
MinimumVisualStudioVersion = 10.0.40219.1
Project("{8BC9CEB8-8B4A-11D0-8D11-00A0C91BC942}") = "D3D12ReservedResources", "D3D12ReservedResources.vcxproj", "{FF80FA07-356D-47A3-B935-45E08DECCD95}"
EndProject
Global
	GlobalSection(SolutionConfigurationPlatforms) = preSolution
		Debug|ARM = Debug|ARM
		Debug|x64 = Debug|x64
		Debug|x86 = Debug|x86
		Release|ARM = Release|ARM
		Release|x64 = Release|x64
		Release|x86 = Release|x86
	EndGlobalSection
	GlobalSection(ProjectConfigurationPlatforms) = postSolution
		{FF80FA07-356D-47A3-B935-45E08DECCD95}.Debug|ARM.ActiveCfg = Debug|ARM
		{FF80FA07-356D-47A3-B935-45E08DECCD95}.Debug|ARM.Build.0 = Debug|ARM
		{FF80FA07-356D-47A3-B935-45E08DECCD95}.Debug|ARM.Deploy.0 = Debug|ARM
		{FF80FA07-356D-47A3-B935-45E08DECCD95}.Debug|x64.ActiveCfg = Debug|x64
		{FF80FA07-356D-47A3-B935-45E08DECCD95}.Debug|x64.Build.0 = Debug|x64
		{FF80FA07-356D-47A3-B935-45E08DECCD95}.Debug|x64.Deploy.0 = Debug|x64
		{FF80FA07-356D-47A3-B935-45E08DECCD95}.Debug|x86.ActiveCfg = Debug|Win32
		{FF80FA07-356D-47A3-B935-45E08DECCD95}.Debug|x86.Build.0 = Debug|Win32
		{FF80FA07-356D-47A3-B935-45E08DECCD95}.Debug|x86.Deploy.0 = Debug|Win32
		{FF80FA07-356D-47A3-B935-45E08DECCD95}.Release|ARM.ActiveCfg = Release|ARM
		{FF80FA07-356D-47A3-B935-45E08DECCD95}.Release|ARM.Build.0 = Release|ARM
		{FF80FA07-356D-47A3-B935-45E08DECCD95}.Release|ARM.Deploy.0 = Release|ARM
		{FF80FA07-356D-47A3-B935-45E08DECCD95}.Release|x64.ActiveCfg = Release|x64
		{FF80FA07-356D-47A3-B935-45E08DECCD95}.Release|x64.Build.0 = Release|x64
		{FF80FA07-356D-47A3-B935-45E08DECCD95}.Release|x64.Deploy.0 = Release|x64
		{FF80FA07-356D-47A3-B935-45E08DECCD95}.Release|x86.ActiveCfg = Release|Win32
		{FF80FA07-356D-47A3-B935-45E08DECCD95}.Release|x86.Build.0 = Release|Win32
		{FF80FA07-356D-47A3-B935-45E08DECCD95}.Release|x86.Deploy.0 = Release|Win32
	EndGlobalSection
	GlobalSection(SolutionProperties) = preSolution
		HideSolutionNode = FALSE
	EndGlobalSection
	GlobalSection(ExtensibilityGlobals) = postSolution
		SolutionGuid = {8E9C99A3-8BA3-4F90-A789-E8B7D38D1956}
	EndGlobalSection
EndGlobal
