
Microsoft Visual Studio Solution File, Format Version 12.00
# Visual Studio 14
VisualStudioVersion = 14.0.23107.0
MinimumVisualStudioVersion = 10.0.40219.1
Project("{8BC9CEB8-8B4A-11D0-8D11-00A0C91BC942}") = "D3D12DynamicIndexing", "D3D12DynamicIndexing.vcxproj", "{933BF618-54B0-426F-83C2-0ABC33940F9F}"
EndProject
Global
	GlobalSection(SolutionConfigurationPlatforms) = preSolution
		Debug|x86 = Debug|x86
		Debug|x64 = Debug|x64
		Debug|ARM = Debug|ARM
		Release|x86 = Release|x86
		Release|x64 = Release|x64
		Release|ARM = Release|ARM
	EndGlobalSection
	GlobalSection(ProjectConfigurationPlatforms) = postSolution
		{933BF618-54B0-426F-83C2-0ABC33940F9F}.Debug|x86.ActiveCfg = Debug|Win32
		{933BF618-54B0-426F-83C2-0ABC33940F9F}.Debug|x86.Build.0 = Debug|Win32
		{933BF618-54B0-426F-83C2-0ABC33940F9F}.Debug|x86.Deploy.0 = Debug|Win32
		{933BF618-54B0-426F-83C2-0ABC33940F9F}.Debug|x64.ActiveCfg = Debug|x64
		{933BF618-54B0-426F-83C2-0ABC33940F9F}.Debug|x64.Build.0 = Debug|x64
		{933BF618-54B0-426F-83C2-0ABC33940F9F}.Debug|x64.Deploy.0 = Debug|x64
		{933BF618-54B0-426F-83C2-0ABC33940F9F}.Debug|ARM.ActiveCfg = Debug|ARM
		{933BF618-54B0-426F-83C2-0ABC33940F9F}.Debug|ARM.Build.0 = Debug|ARM
		{933BF618-54B0-426F-83C2-0ABC33940F9F}.Debug|ARM.Deploy.0 = Debug|ARM
		{933BF618-54B0-426F-83C2-0ABC33940F9F}.Release|x86.ActiveCfg = Release|Win32
		{933BF618-54B0-426F-83C2-0ABC33940F9F}.Release|x86.Build.0 = Release|Win32
		{933BF618-54B0-426F-83C2-0ABC33940F9F}.Release|x86.Deploy.0 = Release|Win32
		{933BF618-54B0-426F-83C2-0ABC33940F9F}.Release|x64.ActiveCfg = Release|x64
		{933BF618-54B0-426F-83C2-0ABC33940F9F}.Release|x64.Build.0 = Release|x64
		{933BF618-54B0-426F-83C2-0ABC33940F9F}.Release|x64.Deploy.0 = Release|x64
		{933BF618-54B0-426F-83C2-0ABC33940F9F}.Release|ARM.ActiveCfg = Release|ARM
		{933BF618-54B0-426F-83C2-0ABC33940F9F}.Release|ARM.Build.0 = Release|ARM
		{933BF618-54B0-426F-83C2-0ABC33940F9F}.Release|ARM.Deploy.0 = Release|ARM
	EndGlobalSection
	GlobalSection(SolutionProperties) = preSolution
		HideSolutionNode = FALSE
	EndGlobalSection
EndGlobal
