
Microsoft Visual Studio Solution File, Format Version 12.00
# Visual Studio 14
VisualStudioVersion = 14.0.23107.0
MinimumVisualStudioVersion = 10.0.40219.1
Project("{8BC9CEB8-8B4A-11D0-8D11-00A0C91BC942}") = "ModelConverter", "ModelConverter_VS14.vcxproj", "{1813BD6E-E2AF-4A3C-8C54-4E72119DA993}"
EndProject
Project("{8BC9CEB8-8B4A-11D0-8D11-00A0C91BC942}") = "Core", "..\Core\Core_VS14.vcxproj", "{86A58508-0D6A-4786-A32F-01A301FDC6F3}"
EndProject
Project("{8BC9CEB8-8B4A-11D0-8D11-00A0C91BC942}") = "ZLib", "..\3rdParty\zlib-win64\ZLib_VS14.vcxproj", "{AE5221D1-87E2-4428-8EF9-F25909C43291}"
EndProject
Project("{8BC9CEB8-8B4A-11D0-8D11-00A0C91BC942}") = "Model", "..\Model\Model_VS14.vcxproj", "{5D3AEEFB-8789-48E5-9BD9-09C667052D09}"
EndProject
Global
	GlobalSection(SolutionConfigurationPlatforms) = preSolution
		Debug|Windows = Debug|Windows
		Profile|Windows = Profile|Windows
		Release|Windows = Release|Windows
	EndGlobalSection
	GlobalSection(ProjectConfigurationPlatforms) = postSolution
		{1813BD6E-E2AF-4A3C-8C54-4E72119DA993}.Debug|Windows.ActiveCfg = Debug|x64
		{1813BD6E-E2AF-4A3C-8C54-4E72119DA993}.Debug|Windows.Build.0 = Debug|x64
		{1813BD6E-E2AF-4A3C-8C54-4E72119DA993}.Profile|Windows.ActiveCfg = Profile|x64
		{1813BD6E-E2AF-4A3C-8C54-4E72119DA993}.Profile|Windows.Build.0 = Profile|x64
		{1813BD6E-E2AF-4A3C-8C54-4E72119DA993}.Release|Windows.ActiveCfg = Release|x64
		{1813BD6E-E2AF-4A3C-8C54-4E72119DA993}.Release|Windows.Build.0 = Release|x64
		{86A58508-0D6A-4786-A32F-01A301FDC6F3}.Debug|Windows.ActiveCfg = Debug|x64
		{86A58508-0D6A-4786-A32F-01A301FDC6F3}.Debug|Windows.Build.0 = Debug|x64
		{86A58508-0D6A-4786-A32F-01A301FDC6F3}.Profile|Windows.ActiveCfg = Profile|x64
		{86A58508-0D6A-4786-A32F-01A301FDC6F3}.Profile|Windows.Build.0 = Profile|x64
		{86A58508-0D6A-4786-A32F-01A301FDC6F3}.Release|Windows.ActiveCfg = Release|x64
		{86A58508-0D6A-4786-A32F-01A301FDC6F3}.Release|Windows.Build.0 = Release|x64
		{AE5221D1-87E2-4428-8EF9-F25909C43291}.Debug|Windows.ActiveCfg = Release|x64
		{AE5221D1-87E2-4428-8EF9-F25909C43291}.Debug|Windows.Build.0 = Release|x64
		{AE5221D1-87E2-4428-8EF9-F25909C43291}.Profile|Windows.ActiveCfg = Release|x64
		{AE5221D1-87E2-4428-8EF9-F25909C43291}.Profile|Windows.Build.0 = Release|x64
		{AE5221D1-87E2-4428-8EF9-F25909C43291}.Release|Windows.ActiveCfg = Release|x64
		{AE5221D1-87E2-4428-8EF9-F25909C43291}.Release|Windows.Build.0 = Release|x64
		{5D3AEEFB-8789-48E5-9BD9-09C667052D09}.Debug|Windows.ActiveCfg = Debug|x64
		{5D3AEEFB-8789-48E5-9BD9-09C667052D09}.Debug|Windows.Build.0 = Debug|x64
		{5D3AEEFB-8789-48E5-9BD9-09C667052D09}.Profile|Windows.ActiveCfg = Profile|x64
		{5D3AEEFB-8789-48E5-9BD9-09C667052D09}.Profile|Windows.Build.0 = Profile|x64
		{5D3AEEFB-8789-48E5-9BD9-09C667052D09}.Release|Windows.ActiveCfg = Release|x64
		{5D3AEEFB-8789-48E5-9BD9-09C667052D09}.Release|Windows.Build.0 = Release|x64
	EndGlobalSection
	GlobalSection(SolutionProperties) = preSolution
		HideSolutionNode = FALSE
	EndGlobalSection
EndGlobal
