
Microsoft Visual Studio Solution File, Format Version 12.00
# Visual Studio Version 17
VisualStudioVersion = 17.14.36203.30 d17.14
MinimumVisualStudioVersion = 10.0.40219.1
Project("{8BC9CEB8-8B4A-11D0-8D11-00A0C91BC942}") = "D3D12RaytracingSakuraForestSER", "D3D12RaytracingSakuraForestSER.vcxproj", "{B102F64F-EC2F-4F01-97A8-72B6D3CA7017}"
EndProject
Global
	GlobalSection(SolutionConfigurationPlatforms) = preSolution
		Debug|x64 = Debug|x64
		Release|x64 = Release|x64
	EndGlobalSection
	GlobalSection(ProjectConfigurationPlatforms) = postSolution
		{B102F64F-EC2F-4F01-97A8-72B6D3CA7017}.Debug|x64.ActiveCfg = Debug|x64
		{B102F64F-EC2F-4F01-97A8-72B6D3CA7017}.Debug|x64.Build.0 = Debug|x64
		{B102F64F-EC2F-4F01-97A8-72B6D3CA7017}.Release|x64.ActiveCfg = Release|x64
		{B102F64F-EC2F-4F01-97A8-72B6D3CA7017}.Release|x64.Build.0 = Release|x64
	EndGlobalSection
	GlobalSection(SolutionProperties) = preSolution
		HideSolutionNode = FALSE
	EndGlobalSection
	GlobalSection(ExtensibilityGlobals) = postSolution
		SolutionGuid = {653FF3D9-8A83-48BB-8144-4E2ABEC26DA4}
	EndGlobalSection
EndGlobal
