
Microsoft Visual Studio Solution File, Format Version 12.00
# Visual Studio 15
VisualStudioVersion = 15.0.26403.7
MinimumVisualStudioVersion = 10.0.40219.1
Project("{8BC9CEB8-8B4A-11D0-8D11-00A0C91BC942}") = "SDFFontCreator", "SDFFontCreator_VS15.vcxproj", "{263D800B-80DF-45FB-B6FF-49EBBD6016FA}"
EndProject
Global
	GlobalSection(SolutionConfigurationPlatforms) = preSolution
		Debug|Windows = Debug|Windows
		Release|Windows = Release|Windows
	EndGlobalSection
	GlobalSection(ProjectConfigurationPlatforms) = postSolution
		{263D800B-80DF-45FB-B6FF-49EBBD6016FA}.Debug|Windows.ActiveCfg = Debug|x64
		{263D800B-80DF-45FB-B6FF-49EBBD6016FA}.Debug|Windows.Build.0 = Debug|x64
		{263D800B-80DF-45FB-B6FF-49EBBD6016FA}.Profile|Windows.ActiveCfg = Profile|x64
		{263D800B-80DF-45FB-B6FF-49EBBD6016FA}.Profile|Windows.Build.0 = Profile|x64
		{263D800B-80DF-45FB-B6FF-49EBBD6016FA}.Release|Windows.ActiveCfg = Release|x64
		{263D800B-80DF-45FB-B6FF-49EBBD6016FA}.Release|Windows.Build.0 = Release|x64
	EndGlobalSection
	GlobalSection(SolutionProperties) = preSolution
		HideSolutionNode = FALSE
	EndGlobalSection
EndGlobal
