<?xml version="1.0" encoding="utf-8"?>
<Project ToolsVersion="4.0" xmlns="http://schemas.microsoft.com/developer/msbuild/2003">
  <ItemGroup>
    <Filter Include="Source Files">
      <UniqueIdentifier>{67bebf86-9539-4f7f-b9e9-a376519ec1f1}</UniqueIdentifier>
    </Filter>
    <Filter Include="Header Files">
      <UniqueIdentifier>{954a8f61-1c3e-419b-baca-c5e2b83c689a}</UniqueIdentifier>
    </Filter>
    <Filter Include="Assets">
      <UniqueIdentifier>{09095d68-bcd7-45c4-b007-5c8ddb5d60a4}</UniqueIdentifier>
    </Filter>
    <Filter Include="Header Files\Util">
      <UniqueIdentifier>{500a71f9-a0df-431e-9f3b-5d4ab5e3942b}</UniqueIdentifier>
    </Filter>
    <Filter Include="Source Files\Util">
      <UniqueIdentifier>{93d5e482-943e-4182-8023-5676929aec55}</UniqueIdentifier>
    </Filter>
    <Filter Include="Assets\Scene">
      <UniqueIdentifier>{4ccb2e49-99e4-498b-8dc2-2e7d39bde6a4}</UniqueIdentifier>
    </Filter>
    <Filter Include="Assets\Shaders">
      <UniqueIdentifier>{8b0cb0c9-e0d8-4107-91c8-11654fac88e7}</UniqueIdentifier>
    </Filter>
    <Filter Include="Assets\Shaders\Util">
      <UniqueIdentifier>{f6ae1511-f58a-4af8-a167-b79e11f8c1de}</UniqueIdentifier>
    </Filter>
    <Filter Include="Assets\Shaders\Assets">
      <UniqueIdentifier>{ae18df80-754a-4361-baae-440ce51538d8}</UniqueIdentifier>
    </Filter>
  </ItemGroup>
  <ItemGroup>
    <ClInclude Include="stdafx.h">
      <Filter>Header Files</Filter>
    </ClInclude>
    <ClInclude Include="D3D12RaytracingAmbientOcclusion.h">
      <Filter>Header Files</Filter>
    </ClInclude>
    <ClInclude Include="DirectXRaytracingHelper.h">
      <Filter>Header Files</Filter>
    </ClInclude>
    <ClInclude Include="RaytracingHlslCompat.h">
      <Filter>Assets\Shaders</Filter>
    </ClInclude>
    <ClInclude Include="util\DeviceResources.h">
      <Filter>Header Files\Util</Filter>
    </ClInclude>
    <ClInclude Include="util\DXSample.h">
      <Filter>Header Files\Util</Filter>
    </ClInclude>
    <ClInclude Include="util\DXSampleHelper.h">
      <Filter>Header Files\Util</Filter>
    </ClInclude>
    <ClInclude Include="util\StepTimer.h">
      <Filter>Header Files\Util</Filter>
    </ClInclude>
    <ClInclude Include="util\Win32Application.h">
      <Filter>Header Files\Util</Filter>
    </ClInclude>
    <ClInclude Include="RaytracingSceneDefines.h">
      <Filter>Header Files</Filter>
    </ClInclude>
    <ClInclude Include="util\HlslCompat.h">
      <Filter>Assets\Shaders\Util</Filter>
    </ClInclude>
    <ClInclude Include="RaytracingShaderHelper.hlsli">
      <Filter>Assets\Shaders</Filter>
    </ClInclude>
    <ClInclude Include="util\PerformanceTimers.h">
      <Filter>Header Files\Util</Filter>
    </ClInclude>
    <ClInclude Include="util\UILayer.h">
      <Filter>Header Files\Util</Filter>
    </ClInclude>
    <ClInclude Include="util\EngineTuning.h">
      <Filter>Header Files\Util</Filter>
    </ClInclude>
    <ClInclude Include="util\GameInput.h">
      <Filter>Header Files\Util</Filter>
    </ClInclude>
    <ClInclude Include="Sampler.h">
      <Filter>Header Files</Filter>
    </ClInclude>
    <ClInclude Include="RandomNumberGenerator.hlsli">
      <Filter>Assets\Shaders</Filter>
    </ClInclude>
    <ClInclude Include="util\SquidRoom.h">
      <Filter>Assets\Scene</Filter>
    </ClInclude>
    <ClInclude Include="util\Camera.h">
      <Filter>Header Files\Util</Filter>
    </ClInclude>
    <ClInclude Include="util\CameraController.h">
      <Filter>Header Files\Util</Filter>
    </ClInclude>
    <ClInclude Include="util\DXRTextWithPrimitiveScene.h">
      <Filter>Assets\Scene</Filter>
    </ClInclude>
    <ClInclude Include="util\GpuKernels.h">
      <Filter>Header Files\Util</Filter>
    </ClInclude>
  </ItemGroup>
  <ItemGroup>
    <ClCompile Include="stdafx.cpp">
      <Filter>Source Files</Filter>
    </ClCompile>
    <ClCompile Include="Main.cpp">
      <Filter>Source Files</Filter>
    </ClCompile>
    <ClCompile Include="D3D12RaytracingAmbientOcclusion.cpp">
      <Filter>Source Files</Filter>
    </ClCompile>
    <ClCompile Include="util\DeviceResources.cpp">
      <Filter>Source Files\Util</Filter>
    </ClCompile>
    <ClCompile Include="util\DXSample.cpp">
      <Filter>Source Files\Util</Filter>
    </ClCompile>
    <ClCompile Include="util\Win32Application.cpp">
      <Filter>Source Files\Util</Filter>
    </ClCompile>
    <ClCompile Include="util\PerformanceTimers.cpp">
      <Filter>Source Files\Util</Filter>
    </ClCompile>
    <ClCompile Include="util\UILayer.cpp">
      <Filter>Source Files\Util</Filter>
    </ClCompile>
    <ClCompile Include="DirectXRaytracingHelper.cpp">
      <Filter>Source Files</Filter>
    </ClCompile>
    <ClCompile Include="util\EngineTuning.cpp">
      <Filter>Source Files\Util</Filter>
    </ClCompile>
    <ClCompile Include="util\GameInput.cpp">
      <Filter>Source Files\Util</Filter>
    </ClCompile>
    <ClCompile Include="Sampler.cpp">
      <Filter>Source Files</Filter>
    </ClCompile>
    <ClCompile Include="util\Camera.cpp">
      <Filter>Source Files\Util</Filter>
    </ClCompile>
    <ClCompile Include="util\CameraController.cpp">
      <Filter>Source Files\Util</Filter>
    </ClCompile>
    <ClCompile Include="RaytracingSceneDefines.cpp">
      <Filter>Source Files</Filter>
    </ClCompile>
    <ClCompile Include="util\SquidRoom.cpp">
      <Filter>Assets\Scene</Filter>
    </ClCompile>
    <ClCompile Include="util\DXRTextWithPrimitiveScene.cpp">
      <Filter>Assets\Scene</Filter>
    </ClCompile>
    <ClCompile Include="util\GpuKernels.cpp">
      <Filter>Source Files\Util</Filter>
    </ClCompile>
  </ItemGroup>
  <ItemGroup>
    <None Include="readme.md" />
    <None Include="packages.config" />
  </ItemGroup>
  <ItemGroup>
    <FxCompile Include="Raytracing.hlsl">
      <Filter>Assets\Shaders</Filter>
    </FxCompile>
    <FxCompile Include="RNGVisualizerCS.hlsl">
      <Filter>Assets\Shaders\Util</Filter>
    </FxCompile>
    <FxCompile Include="util\ReduceSumCS.hlsl">
      <Filter>Assets\Shaders\Util</Filter>
    </FxCompile>
  </ItemGroup>
  <ItemGroup>
    <CustomBuild Include="util\SquidRoom.bin">
      <Filter>Assets\Scene</Filter>
    </CustomBuild>
  </ItemGroup>
  <ItemGroup>
    <Image Include="util\DXR_abbr_300dpi_4.5pt_rgb.dds">
      <Filter>Assets\Scene</Filter>
    </Image>
  </ItemGroup>
</Project>