<?xml version="1.0" encoding="utf-8"?>
<Project ToolsVersion="4.0" xmlns="http://schemas.microsoft.com/developer/msbuild/2003">
  <ItemGroup>
    <Filter Include="Source Files">
      <UniqueIdentifier>{67bebf86-9539-4f7f-b9e9-a376519ec1f1}</UniqueIdentifier>
    </Filter>
    <Filter Include="Assets">
      <UniqueIdentifier>{09095d68-bcd7-45c4-b007-5c8ddb5d60a4}</UniqueIdentifier>
    </Filter>
    <Filter Include="Assets\Shaders">
      <UniqueIdentifier>{8b0cb0c9-e0d8-4107-91c8-11654fac88e7}</UniqueIdentifier>
    </Filter>
    <Filter Include="Externals">
      <UniqueIdentifier>{08724e04-c823-4fef-bae9-8d23f69bd71f}</UniqueIdentifier>
    </Filter>
    <Filter Include="Externals\imgui">
      <UniqueIdentifier>{6a052638-57e5-41e8-a4f2-898729e86e7c}</UniqueIdentifier>
    </Filter>
    <Filter Include="Externals\imgui\backends">
      <UniqueIdentifier>{7ff22366-1fbe-4eb0-a356-a51eb4efddf2}</UniqueIdentifier>
    </Filter>
  </ItemGroup>
  <ItemGroup>
    <ClInclude Include="imgui\imconfig.h">
      <Filter>Externals\imgui</Filter>
    </ClInclude>
    <ClInclude Include="imgui\imgui.h">
      <Filter>Externals\imgui</Filter>
    </ClInclude>
    <ClInclude Include="imgui\imgui_internal.h">
      <Filter>Externals\imgui</Filter>
    </ClInclude>
    <ClInclude Include="imgui\backends\imgui_impl_dx12.h">
      <Filter>Externals\imgui\backends</Filter>
    </ClInclude>
    <ClInclude Include="imgui\backends\imgui_impl_win32.h">
      <Filter>Externals\imgui\backends</Filter>
    </ClInclude>
    <ClInclude Include="D3D12HelloTexture.h">
      <Filter>Source Files</Filter>
    </ClInclude>
    <ClInclude Include="DXSample.h">
      <Filter>Source Files</Filter>
    </ClInclude>
    <ClInclude Include="DXSampleHelper.h">
      <Filter>Source Files</Filter>
    </ClInclude>
    <ClInclude Include="MyDx12Utils.h">
      <Filter>Source Files</Filter>
    </ClInclude>
    <ClInclude Include="stdafx.h">
      <Filter>Source Files</Filter>
    </ClInclude>
    <ClInclude Include="Win32Application.h">
      <Filter>Source Files</Filter>
    </ClInclude>
    <ClInclude Include="SimpleDescriptorHeapAllocator.h">
      <Filter>Source Files</Filter>
    </ClInclude>
  </ItemGroup>
  <ItemGroup>
    <ClCompile Include="stdafx.cpp">
      <Filter>Source Files</Filter>
    </ClCompile>
    <ClCompile Include="Main.cpp">
      <Filter>Source Files</Filter>
    </ClCompile>
    <ClCompile Include="DXSample.cpp">
      <Filter>Source Files</Filter>
    </ClCompile>
    <ClCompile Include="D3D12HelloTexture.cpp">
      <Filter>Source Files</Filter>
    </ClCompile>
    <ClCompile Include="Win32Application.cpp">
      <Filter>Source Files</Filter>
    </ClCompile>
    <ClCompile Include="imgui\imgui.cpp">
      <Filter>Externals\imgui</Filter>
    </ClCompile>
    <ClCompile Include="imgui\imgui_demo.cpp">
      <Filter>Externals\imgui</Filter>
    </ClCompile>
    <ClCompile Include="imgui\imgui_draw.cpp">
      <Filter>Externals\imgui</Filter>
    </ClCompile>
    <ClCompile Include="imgui\imgui_tables.cpp">
      <Filter>Externals\imgui</Filter>
    </ClCompile>
    <ClCompile Include="imgui\imgui_widgets.cpp">
      <Filter>Externals\imgui</Filter>
    </ClCompile>
    <ClCompile Include="imgui\backends\imgui_impl_dx12.cpp">
      <Filter>Externals\imgui\backends</Filter>
    </ClCompile>
    <ClCompile Include="imgui\backends\imgui_impl_win32.cpp">
      <Filter>Externals\imgui\backends</Filter>
    </ClCompile>
  </ItemGroup>
  <ItemGroup>
    <CustomBuild Include="shaders.hlsl">
      <Filter>Assets\Shaders</Filter>
    </CustomBuild>
    <CustomBuild Include="shaders_DepthOnlyVS.hlsl">
      <Filter>Assets\Shaders</Filter>
    </CustomBuild>
  </ItemGroup>
  <ItemGroup>
    <None Include="packages.config" />
  </ItemGroup>
</Project>