<?xml version="1.0" encoding="utf-8"?>
<Project ToolsVersion="15.0" xmlns="http://schemas.microsoft.com/developer/msbuild/2003">
  <ItemGroup>
    <Filter Include="Source Files">
      <UniqueIdentifier>{4FC737F1-C7A5-4376-A066-2A32D752A2FF}</UniqueIdentifier>
      <Extensions>cpp;c;cc;cxx;def;odl;idl;hpj;bat;asm;asmx</Extensions>
    </Filter>
    <Filter Include="Resource Files">
      <UniqueIdentifier>{67DA6AB6-F800-4c08-8B7A-83BB121AAD01}</UniqueIdentifier>
      <Extensions>rc;ico;cur;bmp;dlg;rc2;rct;bin;rgs;gif;jpg;jpeg;jpe;resx;tiff;tif;png;wav;mfcribbon-ms</Extensions>
    </Filter>
    <Filter Include="Shaders">
      <UniqueIdentifier>{17157387-93c6-4153-83e6-c1abfd6fb95b}</UniqueIdentifier>
    </Filter>
  </ItemGroup>
  <ItemGroup>
    <CopyFileToFolders Include="Textures\Atrium_diffuseIBL.dds">
      <Filter>Resource Files</Filter>
    </CopyFileToFolders>
    <CopyFileToFolders Include="Textures\Atrium_specularIBL.dds">
      <Filter>Resource Files</Filter>
    </CopyFileToFolders>
    <CopyFileToFolders Include="Sponza\background.DDS">
      <Filter>Resource Files</Filter>
    </CopyFileToFolders>
    <CopyFileToFolders Include="Sponza\background_normal.DDS">
      <Filter>Resource Files</Filter>
    </CopyFileToFolders>
    <CopyFileToFolders Include="Sponza\chain_texture.DDS">
      <Filter>Resource Files</Filter>
    </CopyFileToFolders>
    <CopyFileToFolders Include="Sponza\chain_texture_normal.DDS">
      <Filter>Resource Files</Filter>
    </CopyFileToFolders>
    <CopyFileToFolders Include="Textures\CloudCommon_diffuseIBL.dds">
      <Filter>Resource Files</Filter>
    </CopyFileToFolders>
    <CopyFileToFolders Include="Textures\CloudCommons_specularIBL.dds">
      <Filter>Resource Files</Filter>
    </CopyFileToFolders>
    <CopyFileToFolders Include="Sponza\default.DDS">
      <Filter>Resource Files</Filter>
    </CopyFileToFolders>
    <CopyFileToFolders Include="Sponza\default_normal.DDS">
      <Filter>Resource Files</Filter>
    </CopyFileToFolders>
    <CopyFileToFolders Include="Sponza\default_specular.DDS">
      <Filter>Resource Files</Filter>
    </CopyFileToFolders>
    <CopyFileToFolders Include="Textures\DGarden_diffuseIBL.dds">
      <Filter>Resource Files</Filter>
    </CopyFileToFolders>
    <CopyFileToFolders Include="Textures\DGarden_specularIBL.dds">
      <Filter>Resource Files</Filter>
    </CopyFileToFolders>
    <CopyFileToFolders Include="Sponza\fire.dds">
      <Filter>Resource Files</Filter>
    </CopyFileToFolders>
    <CopyFileToFolders Include="Textures\Garage_diffuseIBL.dds">
      <Filter>Resource Files</Filter>
    </CopyFileToFolders>
    <CopyFileToFolders Include="Textures\Garage_specularIBL.dds">
      <Filter>Resource Files</Filter>
    </CopyFileToFolders>
    <CopyFileToFolders Include="Sponza\gi_flag.DDS">
      <Filter>Resource Files</Filter>
    </CopyFileToFolders>
    <CopyFileToFolders Include="Sponza\lion.DDS">
      <Filter>Resource Files</Filter>
    </CopyFileToFolders>
    <CopyFileToFolders Include="Sponza\lion_normal.DDS">
      <Filter>Resource Files</Filter>
    </CopyFileToFolders>
    <CopyFileToFolders Include="Textures\MSPath_diffuseIBL.dds">
      <Filter>Resource Files</Filter>
    </CopyFileToFolders>
    <CopyFileToFolders Include="Textures\MSPath_specularIBL.dds">
      <Filter>Resource Files</Filter>
    </CopyFileToFolders>
    <CopyFileToFolders Include="Sponza\particles.json">
      <Filter>Resource Files</Filter>
    </CopyFileToFolders>
    <CopyFileToFolders Include="Sponza\smoke.dds">
      <Filter>Resource Files</Filter>
    </CopyFileToFolders>
    <CopyFileToFolders Include="Sponza\sparkTex.dds">
      <Filter>Resource Files</Filter>
    </CopyFileToFolders>
    <CopyFileToFolders Include="Sponza\spnza_bricks_a.DDS">
      <Filter>Resource Files</Filter>
    </CopyFileToFolders>
    <CopyFileToFolders Include="Sponza\spnza_bricks_a_normal.DDS">
      <Filter>Resource Files</Filter>
    </CopyFileToFolders>
    <CopyFileToFolders Include="Sponza\spnza_bricks_a_specular.DDS">
      <Filter>Resource Files</Filter>
    </CopyFileToFolders>
    <CopyFileToFolders Include="Sponza\sponza.h3d">
      <Filter>Resource Files</Filter>
    </CopyFileToFolders>
    <CopyFileToFolders Include="Sponza\sponza_arch.DDS">
      <Filter>Resource Files</Filter>
    </CopyFileToFolders>
    <CopyFileToFolders Include="Sponza\sponza_arch_normal.DDS">
      <Filter>Resource Files</Filter>
    </CopyFileToFolders>
    <CopyFileToFolders Include="Sponza\sponza_arch_specular.DDS">
      <Filter>Resource Files</Filter>
    </CopyFileToFolders>
    <CopyFileToFolders Include="Sponza\sponza_ceiling_a.DDS">
      <Filter>Resource Files</Filter>
    </CopyFileToFolders>
    <CopyFileToFolders Include="Sponza\sponza_ceiling_a_specular.DDS">
      <Filter>Resource Files</Filter>
    </CopyFileToFolders>
    <CopyFileToFolders Include="Sponza\sponza_column_a.DDS">
      <Filter>Resource Files</Filter>
    </CopyFileToFolders>
    <CopyFileToFolders Include="Sponza\sponza_column_a_normal.DDS">
      <Filter>Resource Files</Filter>
    </CopyFileToFolders>
    <CopyFileToFolders Include="Sponza\sponza_column_a_specular.DDS">
      <Filter>Resource Files</Filter>
    </CopyFileToFolders>
    <CopyFileToFolders Include="Sponza\sponza_column_b.DDS">
      <Filter>Resource Files</Filter>
    </CopyFileToFolders>
    <CopyFileToFolders Include="Sponza\sponza_column_b_normal.DDS">
      <Filter>Resource Files</Filter>
    </CopyFileToFolders>
    <CopyFileToFolders Include="Sponza\sponza_column_b_specular.DDS">
      <Filter>Resource Files</Filter>
    </CopyFileToFolders>
    <CopyFileToFolders Include="Sponza\sponza_column_c.DDS">
      <Filter>Resource Files</Filter>
    </CopyFileToFolders>
    <CopyFileToFolders Include="Sponza\sponza_column_c_normal.DDS">
      <Filter>Resource Files</Filter>
    </CopyFileToFolders>
    <CopyFileToFolders Include="Sponza\sponza_column_c_specular.DDS">
      <Filter>Resource Files</Filter>
    </CopyFileToFolders>
    <CopyFileToFolders Include="Sponza\sponza_curtain.DDS">
      <Filter>Resource Files</Filter>
    </CopyFileToFolders>
    <CopyFileToFolders Include="Sponza\sponza_curtain_blue.DDS">
      <Filter>Resource Files</Filter>
    </CopyFileToFolders>
    <CopyFileToFolders Include="Sponza\sponza_curtain_green.DDS">
      <Filter>Resource Files</Filter>
    </CopyFileToFolders>
    <CopyFileToFolders Include="Sponza\sponza_details.DDS">
      <Filter>Resource Files</Filter>
    </CopyFileToFolders>
    <CopyFileToFolders Include="Sponza\sponza_details_specular.DDS">
      <Filter>Resource Files</Filter>
    </CopyFileToFolders>
    <CopyFileToFolders Include="Sponza\sponza_fabric.DDS">
      <Filter>Resource Files</Filter>
    </CopyFileToFolders>
    <CopyFileToFolders Include="Sponza\sponza_fabric_blue.DDS">
      <Filter>Resource Files</Filter>
    </CopyFileToFolders>
    <CopyFileToFolders Include="Sponza\sponza_fabric_green.DDS">
      <Filter>Resource Files</Filter>
    </CopyFileToFolders>
    <CopyFileToFolders Include="Sponza\sponza_fabric_specular.DDS">
      <Filter>Resource Files</Filter>
    </CopyFileToFolders>
    <CopyFileToFolders Include="Sponza\sponza_flagpole.DDS">
      <Filter>Resource Files</Filter>
    </CopyFileToFolders>
    <CopyFileToFolders Include="Sponza\sponza_flagpole_specular.DDS">
      <Filter>Resource Files</Filter>
    </CopyFileToFolders>
    <CopyFileToFolders Include="Sponza\sponza_floor_a.DDS">
      <Filter>Resource Files</Filter>
    </CopyFileToFolders>
    <CopyFileToFolders Include="Sponza\sponza_floor_a_specular.DDS">
      <Filter>Resource Files</Filter>
    </CopyFileToFolders>
    <CopyFileToFolders Include="Sponza\sponza_roof.DDS">
      <Filter>Resource Files</Filter>
    </CopyFileToFolders>
    <CopyFileToFolders Include="Sponza\sponza_thorn.DDS">
      <Filter>Resource Files</Filter>
    </CopyFileToFolders>
    <CopyFileToFolders Include="Sponza\sponza_thorn_normal.DDS">
      <Filter>Resource Files</Filter>
    </CopyFileToFolders>
    <CopyFileToFolders Include="Sponza\sponza_thorn_specular.DDS">
      <Filter>Resource Files</Filter>
    </CopyFileToFolders>
    <CopyFileToFolders Include="Textures\Stonewall_diffuseIBL.dds">
      <Filter>Resource Files</Filter>
    </CopyFileToFolders>
    <CopyFileToFolders Include="Textures\Stonewall_specularIBL.dds">
      <Filter>Resource Files</Filter>
    </CopyFileToFolders>
    <CopyFileToFolders Include="Sponza\vase.DDS">
      <Filter>Resource Files</Filter>
    </CopyFileToFolders>
    <CopyFileToFolders Include="Sponza\vase_hanging.DDS">
      <Filter>Resource Files</Filter>
    </CopyFileToFolders>
    <CopyFileToFolders Include="Sponza\vase_normal.DDS">
      <Filter>Resource Files</Filter>
    </CopyFileToFolders>
    <CopyFileToFolders Include="Sponza\vase_plant.DDS">
      <Filter>Resource Files</Filter>
    </CopyFileToFolders>
    <CopyFileToFolders Include="Sponza\vase_plant_specular.DDS">
      <Filter>Resource Files</Filter>
    </CopyFileToFolders>
    <CopyFileToFolders Include="Sponza\vase_round.DDS">
      <Filter>Resource Files</Filter>
    </CopyFileToFolders>
    <CopyFileToFolders Include="Sponza\vase_round_normal.DDS">
      <Filter>Resource Files</Filter>
    </CopyFileToFolders>
    <CopyFileToFolders Include="Sponza\vase_round_specular.DDS">
      <Filter>Resource Files</Filter>
    </CopyFileToFolders>
    <CopyFileToFolders Include="Sponza\white.DDS">
      <Filter>Resource Files</Filter>
    </CopyFileToFolders>
  </ItemGroup>
  <ItemGroup>
    <ClCompile Include="ModelViewer.cpp">
      <Filter>Source Files</Filter>
    </ClCompile>
  </ItemGroup>
  <ItemGroup>
    <None Include="packages.config" />
  </ItemGroup>
</Project>
