<?xml version="1.0" encoding="utf-8"?>
<Project ToolsVersion="14.0" xmlns="http://schemas.microsoft.com/developer/msbuild/2003">
  <ItemGroup>
    <Filter Include="Header Files">
      <UniqueIdentifier>{a0200164-4e64-4c0d-9c86-ac1556798323}</UniqueIdentifier>
      <Extensions>h;hh;hpp;hxx;hm;inl;inc;xsd</Extensions>
    </Filter>
    <Filter Include="Source Files">
      <UniqueIdentifier>{03dc92c8-5001-4e40-aaae-3d9c08787e07}</UniqueIdentifier>
      <Extensions>cpp;c;cc;cxx;def;odl;idl;hpj;bat;asm;asmx</Extensions>
    </Filter>
  </ItemGroup>
  <ItemGroup>
    <ClCompile Include="CD3DX12AffinityCommandAllocator.cpp">
      <Filter>Source Files</Filter>
    </ClCompile>
    <ClCompile Include="CD3DX12AffinityCommandList.cpp">
      <Filter>Source Files</Filter>
    </ClCompile>
    <ClCompile Include="CD3DX12AffinityCommandQueue.cpp">
      <Filter>Source Files</Filter>
    </ClCompile>
    <ClCompile Include="CD3DX12AffinityCommandSignature.cpp">
      <Filter>Source Files</Filter>
    </ClCompile>
    <ClCompile Include="CD3DX12AffinityDescriptorHeap.cpp">
      <Filter>Source Files</Filter>
    </ClCompile>
    <ClCompile Include="CD3DX12AffinityDevice.cpp">
      <Filter>Source Files</Filter>
    </ClCompile>
    <ClCompile Include="CD3DX12AffinityDeviceChild.cpp">
      <Filter>Source Files</Filter>
    </ClCompile>
    <ClCompile Include="CD3DX12AffinityFence.cpp">
      <Filter>Source Files</Filter>
    </ClCompile>
    <ClCompile Include="CD3DX12AffinityGraphicsCommandList.cpp">
      <Filter>Source Files</Filter>
    </ClCompile>
    <ClCompile Include="CD3DX12AffinityHeap.cpp">
      <Filter>Source Files</Filter>
    </ClCompile>
    <ClCompile Include="CD3DX12AffinityObject.cpp">
      <Filter>Source Files</Filter>
    </ClCompile>
    <ClCompile Include="CD3DX12AffinityPageable.cpp">
      <Filter>Source Files</Filter>
    </ClCompile>
    <ClCompile Include="CD3DX12AffinityPipelineState.cpp">
      <Filter>Source Files</Filter>
    </ClCompile>
    <ClCompile Include="CD3DX12AffinityQueryHeap.cpp">
      <Filter>Source Files</Filter>
    </ClCompile>
    <ClCompile Include="CD3DX12AffinityResource.cpp">
      <Filter>Source Files</Filter>
    </ClCompile>
    <ClCompile Include="CD3DX12AffinityRootSignature.cpp">
      <Filter>Source Files</Filter>
    </ClCompile>
    <ClCompile Include="CDXGIAffinitySwapChain.cpp">
      <Filter>Source Files</Filter>
    </ClCompile>
    <ClCompile Include="d3dx12affinity.cpp">
      <Filter>Source Files</Filter>
    </ClCompile>
    <ClCompile Include="D3DX12AffinityCreateMultiDevice.cpp">
      <Filter>Source Files</Filter>
    </ClCompile>
    <ClCompile Include="DXGIXAffinityCreateLDASwapChain.cpp">
      <Filter>Source Files</Filter>
    </ClCompile>
    <ClCompile Include="DXGIXAffinityCreateSingleWindowSwapChain.cpp">
      <Filter>Source Files</Filter>
    </ClCompile>
    <ClCompile Include="Utils.cpp">
      <Filter>Source Files</Filter>
    </ClCompile>
  </ItemGroup>
  <ItemGroup>
    <ClInclude Include="CD3DX12AffinityCommandAllocator.h">
      <Filter>Header Files</Filter>
    </ClInclude>
    <ClInclude Include="CD3DX12AffinityCommandList.h">
      <Filter>Header Files</Filter>
    </ClInclude>
    <ClInclude Include="CD3DX12AffinityCommandQueue.h">
      <Filter>Header Files</Filter>
    </ClInclude>
    <ClInclude Include="CD3DX12AffinityCommandSignature.h">
      <Filter>Header Files</Filter>
    </ClInclude>
    <ClInclude Include="CD3DX12AffinityDescriptorHeap.h">
      <Filter>Header Files</Filter>
    </ClInclude>
    <ClInclude Include="CD3DX12AffinityDevice.h">
      <Filter>Header Files</Filter>
    </ClInclude>
    <ClInclude Include="CD3DX12AffinityDeviceChild.h">
      <Filter>Header Files</Filter>
    </ClInclude>
    <ClInclude Include="CD3DX12AffinityFence.h">
      <Filter>Header Files</Filter>
    </ClInclude>
    <ClInclude Include="CD3DX12AffinityGraphicsCommandList.h">
      <Filter>Header Files</Filter>
    </ClInclude>
    <ClInclude Include="CD3DX12AffinityHeap.h">
      <Filter>Header Files</Filter>
    </ClInclude>
    <ClInclude Include="CD3DX12AffinityObject.h">
      <Filter>Header Files</Filter>
    </ClInclude>
    <ClInclude Include="CD3DX12AffinityPageable.h">
      <Filter>Header Files</Filter>
    </ClInclude>
    <ClInclude Include="CD3DX12AffinityPipelineState.h">
      <Filter>Header Files</Filter>
    </ClInclude>
    <ClInclude Include="CD3DX12AffinityQueryHeap.h">
      <Filter>Header Files</Filter>
    </ClInclude>
    <ClInclude Include="CD3DX12AffinityResource.h">
      <Filter>Header Files</Filter>
    </ClInclude>
    <ClInclude Include="CD3DX12AffinityRootSignature.h">
      <Filter>Header Files</Filter>
    </ClInclude>
    <ClInclude Include="CDXGIAffinitySwapChain.h">
      <Filter>Header Files</Filter>
    </ClInclude>
    <ClInclude Include="d3dx12.h">
      <Filter>Header Files</Filter>
    </ClInclude>
    <ClInclude Include="d3dx12affinity.h">
      <Filter>Header Files</Filter>
    </ClInclude>
    <ClInclude Include="d3dx12affinity_d3dx12.h">
      <Filter>Header Files</Filter>
    </ClInclude>
    <ClInclude Include="d3dx12affinity_structs.h">
      <Filter>Header Files</Filter>
    </ClInclude>
    <ClInclude Include="Utils.h">
      <Filter>Header Files</Filter>
    </ClInclude>
  </ItemGroup>
</Project>