<?xml version="1.0" encoding="utf-8"?>
<Project ToolsVersion="4.0" xmlns="http://schemas.microsoft.com/developer/msbuild/2003">
  <ItemGroup>
    <Filter Include="Assets">
      <UniqueIdentifier>38e1c59e-b75c-496c-9345-5dba709781d9</UniqueIdentifier>
      <Extensions>bmp;fbx;gif;jpg;jpeg;tga;tiff;tif;png</Extensions>
    </Filter>
    <Filter Include="Header Files">
      <UniqueIdentifier>{78b19f60-2bc8-427b-ae4c-5cdf48fcd4e1}</UniqueIdentifier>
      <Extensions>h;hh;hpp;hxx;hm;inl;inc;xsd</Extensions>
    </Filter>
    <Filter Include="Source Files">
      <UniqueIdentifier>{ff7ee6ea-bd96-4972-b838-b05928350500}</UniqueIdentifier>
      <Extensions>cpp;c;cc;cxx;def;odl;idl;hpj;bat;asm;asmx</Extensions>
    </Filter>
    <Filter Include="Assets\Shaders">
      <UniqueIdentifier>{591e7585-c57b-4beb-9676-65040e8939c8}</UniqueIdentifier>
    </Filter>
    <Filter Include="Source Files\Util">
      <UniqueIdentifier>{941a20de-f0d9-45c5-8c9e-66f0c96c915f}</UniqueIdentifier>
    </Filter>
    <Filter Include="Header Files\Util">
      <UniqueIdentifier>{1b6c0dfc-c3ed-4df9-b804-c7826372807f}</UniqueIdentifier>
    </Filter>
    <Filter Include="Assets\AppxPackage">
      <UniqueIdentifier>{7eb4c281-7d9d-46b3-b34d-e2b524ad4a13}</UniqueIdentifier>
    </Filter>
  </ItemGroup>
  <ItemGroup>
    <ClCompile Include="D3D12PredicationQueries.cpp">
      <Filter>Source Files</Filter>
    </ClCompile>
    <ClCompile Include="Main.cpp">
      <Filter>Source Files</Filter>
    </ClCompile>
    <ClCompile Include="stdafx.cpp">
      <Filter>Source Files</Filter>
    </ClCompile>
    <ClCompile Include="View.cpp">
      <Filter>Source Files\Util</Filter>
    </ClCompile>
    <ClCompile Include="ViewProvider.cpp">
      <Filter>Source Files\Util</Filter>
    </ClCompile>
    <ClCompile Include="DXSample.cpp">
      <Filter>Source Files\Util</Filter>
    </ClCompile>
  </ItemGroup>
  <ItemGroup>
    <ClInclude Include="D3D12PredicationQueries.h">
      <Filter>Header Files</Filter>
    </ClInclude>
    <ClInclude Include="stdafx.h">
      <Filter>Header Files</Filter>
    </ClInclude>
    <ClInclude Include="d3dx12.h">
      <Filter>Header Files\Util</Filter>
    </ClInclude>
    <ClInclude Include="DXSample.h">
      <Filter>Header Files\Util</Filter>
    </ClInclude>
    <ClInclude Include="DXSampleHelper.h">
      <Filter>Header Files\Util</Filter>
    </ClInclude>
    <ClInclude Include="View.h">
      <Filter>Header Files\Util</Filter>
    </ClInclude>
    <ClInclude Include="ViewProvider.h">
      <Filter>Header Files\Util</Filter>
    </ClInclude>
  </ItemGroup>
  <ItemGroup>
    <AppxManifest Include="Package.appxmanifest" />
  </ItemGroup>
  <ItemGroup>
    <Image Include="SplashScreen.scale-200.png">
      <Filter>Assets\AppxPackage</Filter>
    </Image>
    <Image Include="Square44x44Logo.scale-200.png">
      <Filter>Assets\AppxPackage</Filter>
    </Image>
    <Image Include="Square150x150Logo.scale-200.png">
      <Filter>Assets\AppxPackage</Filter>
    </Image>
    <Image Include="StoreLogo.png">
      <Filter>Assets\AppxPackage</Filter>
    </Image>
    <Image Include="Wide310x150Logo.scale-200.png">
      <Filter>Assets\AppxPackage</Filter>
    </Image>
  </ItemGroup>
  <ItemGroup>
    <CustomBuild Include="shaders.hlsl">
      <Filter>Assets\Shaders</Filter>
    </CustomBuild>
  </ItemGroup>
  <ItemGroup>
    <None Include="packages.config" />
  </ItemGroup>
</Project>
