<?xml version="1.0" encoding="utf-8"?>
<Project ToolsVersion="4.0" xmlns="http://schemas.microsoft.com/developer/msbuild/2003">
  <ItemGroup>
    <Filter Include="Source Files">
      <UniqueIdentifier>{67bebf86-9539-4f7f-b9e9-a376519ec1f1}</UniqueIdentifier>
    </Filter>
    <Filter Include="Header Files">
      <UniqueIdentifier>{954a8f61-1c3e-419b-baca-c5e2b83c689a}</UniqueIdentifier>
    </Filter>
    <Filter Include="Assets">
      <UniqueIdentifier>{09095d68-bcd7-45c4-b007-5c8ddb5d60a4}</UniqueIdentifier>
    </Filter>
    <Filter Include="Assets\Shaders">
      <UniqueIdentifier>{8b0cb0c9-e0d8-4107-91c8-11654fac88e7}</UniqueIdentifier>
    </Filter>
    <Filter Include="Header Files\Util">
      <UniqueIdentifier>{500a71f9-a0df-431e-9f3b-5d4ab5e3942b}</UniqueIdentifier>
    </Filter>
    <Filter Include="Source Files\Util">
      <UniqueIdentifier>{93d5e482-943e-4182-8023-5676929aec55}</UniqueIdentifier>
    </Filter>
    <Filter Include="Assets\Shaders\Util">
      <UniqueIdentifier>{87b45108-4083-4b05-a52d-914447b5fc90}</UniqueIdentifier>
    </Filter>
  </ItemGroup>
  <ItemGroup>
    <ClInclude Include="stdafx.h">
      <Filter>Header Files</Filter>
    </ClInclude>
    <ClInclude Include="d3dx12.h">
      <Filter>Header Files\Util</Filter>
    </ClInclude>
    <ClInclude Include="DXSample.h">
      <Filter>Header Files\Util</Filter>
    </ClInclude>
    <ClInclude Include="DXSampleHelper.h">
      <Filter>Header Files\Util</Filter>
    </ClInclude>
    <ClInclude Include="StepTimer.h">
      <Filter>Header Files\Util</Filter>
    </ClInclude>
    <ClInclude Include="Win32Application.h">
      <Filter>Header Files\Util</Filter>
    </ClInclude>
    <ClInclude Include="DeviceResources.h">
      <Filter>Header Files\Util</Filter>
    </ClInclude>
    <ClInclude Include="D3D12RaytracingSimpleLighting.h">
      <Filter>Header Files</Filter>
    </ClInclude>
    <ClInclude Include="DirectXRaytracingHelper.h">
      <Filter>Header Files</Filter>
    </ClInclude>
    <ClInclude Include="HlslCompat.h">
      <Filter>Assets\Shaders\Util</Filter>
    </ClInclude>
    <ClInclude Include="RaytracingHlslCompat.h">
      <Filter>Assets\Shaders</Filter>
    </ClInclude>
  </ItemGroup>
  <ItemGroup>
    <ClCompile Include="stdafx.cpp">
      <Filter>Source Files</Filter>
    </ClCompile>
    <ClCompile Include="Main.cpp">
      <Filter>Source Files</Filter>
    </ClCompile>
    <ClCompile Include="Win32Application.cpp">
      <Filter>Source Files\Util</Filter>
    </ClCompile>
    <ClCompile Include="DXSample.cpp">
      <Filter>Source Files\Util</Filter>
    </ClCompile>
    <ClCompile Include="DeviceResources.cpp">
      <Filter>Source Files\Util</Filter>
    </ClCompile>
    <ClCompile Include="D3D12RaytracingSimpleLighting.cpp">
      <Filter>Source Files</Filter>
    </ClCompile>
  </ItemGroup>
  <ItemGroup>
    <CustomBuild Include="Raytracing.hlsl">
      <Filter>Assets\Shaders</Filter>
    </CustomBuild>
  </ItemGroup>
  <ItemGroup>
    <None Include="readme.md" />
    <None Include="packages.config" />
  </ItemGroup>
</Project>