
Microsoft Visual Studio Solution File, Format Version 12.00
# Visual Studio 15
VisualStudioVersion = 15.0.27309.0
MinimumVisualStudioVersion = 10.0.40219.1
Project("{8BC9CEB8-8B4A-11D0-8D11-00A0C91BC942}") = "DXGIAdapterRemovalSupportTest", "DXGIAdapterRemovalSupportTest.vcxproj", "{A7E7C729-937E-4E30-A9C0-F56E9B6F5E07}"
EndProject
Global
	GlobalSection(SolutionConfigurationPlatforms) = preSolution
		Debug|x64 = Debug|x64
		Debug|x86 = Debug|x86
		Release|x64 = Release|x64
		Release|x86 = Release|x86
	EndGlobalSection
	GlobalSection(ProjectConfigurationPlatforms) = postSolution
		{A7E7C729-937E-4E30-A9C0-F56E9B6F5E07}.Debug|x64.ActiveCfg = Debug|x64
		{A7E7C729-937E-4E30-A9C0-F56E9B6F5E07}.Debug|x64.Build.0 = Debug|x64
		{A7E7C729-937E-4E30-A9C0-F56E9B6F5E07}.Debug|x86.ActiveCfg = Debug|Win32
		{A7E7C729-937E-4E30-A9C0-F56E9B6F5E07}.Debug|x86.Build.0 = Debug|Win32
		{A7E7C729-937E-4E30-A9C0-F56E9B6F5E07}.Release|x64.ActiveCfg = Release|x64
		{A7E7C729-937E-4E30-A9C0-F56E9B6F5E07}.Release|x64.Build.0 = Release|x64
		{A7E7C729-937E-4E30-A9C0-F56E9B6F5E07}.Release|x86.ActiveCfg = Release|Win32
		{A7E7C729-937E-4E30-A9C0-F56E9B6F5E07}.Release|x86.Build.0 = Release|Win32
	EndGlobalSection
	GlobalSection(SolutionProperties) = preSolution
		HideSolutionNode = FALSE
	EndGlobalSection
	GlobalSection(ExtensibilityGlobals) = postSolution
		SolutionGuid = {9F829D6D-4D95-43DC-9475-D93862A480AB}
	EndGlobalSection
EndGlobal
