
Microsoft Visual Studio Solution File, Format Version 12.00
# Visual Studio 15
VisualStudioVersion = 15.0.27130.2010
MinimumVisualStudioVersion = 10.0.40219.1
Project("{2150E333-8FDC-42A3-9474-1A3956D46DE8}") = "Samples", "Samples", "{250B50F1-543D-4D9D-B4FC-A1EA4E61B9E4}"
	ProjectSection(SolutionItems) = preProject
		..\readme.md = ..\readme.md
	EndProjectSection
EndProject
Project("{8BC9CEB8-8B4A-11D0-8D11-00A0C91BC942}") = "D3D12RaytracingHelloWorld", "D3D12RaytracingHelloWorld\D3D12RaytracingHelloWorld.vcxproj", "{5018F6A3-6533-4744-B1FD-727D199FD2E9}"
	ProjectSection(ProjectDependencies) = postProject
		{4BE280A6-1066-41CA-ACDD-6BB7E532508B} = {4BE280A6-1066-41CA-ACDD-6BB7E532508B}
	EndProjectSection
EndProject
Project("{8BC9CEB8-8B4A-11D0-8D11-00A0C91BC942}") = "D3D12RaytracingSimpleLighting", "D3D12RaytracingSimpleLighting\D3D12RaytracingSimpleLighting.vcxproj", "{A0848C98-F5AA-431C-9E76-7F1E7EFA368C}"
	ProjectSection(ProjectDependencies) = postProject
		{4BE280A6-1066-41CA-ACDD-6BB7E532508B} = {4BE280A6-1066-41CA-ACDD-6BB7E532508B}
	EndProjectSection
EndProject
Project("{2150E333-8FDC-42A3-9474-1A3956D46DE8}") = "MiniEngine", "MiniEngine", "{0B851798-A730-4A11-A717-668D40A26088}"
EndProject
Project("{8BC9CEB8-8B4A-11D0-8D11-00A0C91BC942}") = "Core", "..\..\..\..\MiniEngine\Core\Core_VS15.vcxproj", "{86A58508-0D6A-4786-A32F-01A301FDC6F3}"
EndProject
Project("{8BC9CEB8-8B4A-11D0-8D11-00A0C91BC942}") = "Model", "..\..\..\..\MiniEngine\Model\Model_VS15.vcxproj", "{5D3AEEFB-8789-48E5-9BD9-09C667052D09}"
EndProject
Project("{2150E333-8FDC-42A3-9474-1A3956D46DE8}") = "Fallback", "Fallback", "{4F686017-C76B-497E-8405-7F023968E8AF}"
EndProject
Project("{8BC9CEB8-8B4A-11D0-8D11-00A0C91BC942}") = "D3D12RaytracingMiniEngineSample", "D3D12RaytracingMiniEngineSample\ModelViewer_VS15.vcxproj", "{315A1E1B-3732-41FE-9B4A-6A1E103BA2F5}"
EndProject
Project("{8BC9CEB8-8B4A-11D0-8D11-00A0C91BC942}") = "FallbackLayer", "..\..\..\..\Libraries\D3D12RaytracingFallback\src\FallbackLayer.vcxproj", "{4BE280A6-1066-41CA-ACDD-6BB7E532508B}"
EndProject
Project("{8BC9CEB8-8B4A-11D0-8D11-00A0C91BC942}") = "FallbackLayerUnitTests", "..\..\..\..\Libraries\D3D12RaytracingFallback\src\FallbackLayerUnitTests\FallbackLayerUnitTests.vcxproj", "{13F1830C-EA8D-4488-89C8-70AAB15972AA}"
EndProject
Project("{2150E333-8FDC-42A3-9474-1A3956D46DE8}") = "Tutorials", "Tutorials", "{22B9FE19-4D5A-4F3F-ABEA-F9ACB1574331}"
EndProject
Project("{2150E333-8FDC-42A3-9474-1A3956D46DE8}") = "Advanced", "Advanced", "{024FAECC-CCE3-4B06-9F06-C83FB58877EF}"
EndProject
Project("{8BC9CEB8-8B4A-11D0-8D11-00A0C91BC942}") = "D3D12RaytracingProceduralGeometry", "D3D12RaytracingProceduralGeometry\D3D12RaytracingProceduralGeometry.vcxproj", "{0C266269-AC0C-41B0-9D25-0117DC23CFC7}"
	ProjectSection(ProjectDependencies) = postProject
		{4BE280A6-1066-41CA-ACDD-6BB7E532508B} = {4BE280A6-1066-41CA-ACDD-6BB7E532508B}
	EndProjectSection
EndProject
Project("{8BC9CEB8-8B4A-11D0-8D11-00A0C91BC942}") = "D3D12RaytracingDynamicGeometry", "D3D12RaytracingDynamicGeometry\D3D12RaytracingDynamicGeometry.vcxproj", "{19585C81-FB12-4A4B-B700-CCE253BDBA02}"
	ProjectSection(ProjectDependencies) = postProject
		{4BE280A6-1066-41CA-ACDD-6BB7E532508B} = {4BE280A6-1066-41CA-ACDD-6BB7E532508B}
	EndProjectSection
EndProject
Project("{8BC9CEB8-8B4A-11D0-8D11-00A0C91BC942}") = "FallbackLayerCompilerRepro", "..\..\..\..\Libraries\D3D12RaytracingFallback\src\FallbackLayerCompilerRepro\FallbackLayerCompilerRepro.vcxproj", "{FA2D9302-9DA0-44B3-90DB-2DCF724676C1}"
EndProject
Global
	GlobalSection(SolutionConfigurationPlatforms) = preSolution
		Debug|x64 = Debug|x64
		Debug|x86 = Debug|x86
		Profile|x64 = Profile|x64
		Profile|x86 = Profile|x86
		Release|x64 = Release|x64
		Release|x86 = Release|x86
	EndGlobalSection
	GlobalSection(ProjectConfigurationPlatforms) = postSolution
		{5018F6A3-6533-4744-B1FD-727D199FD2E9}.Debug|x64.ActiveCfg = Debug|x64
		{5018F6A3-6533-4744-B1FD-727D199FD2E9}.Debug|x64.Build.0 = Debug|x64
		{5018F6A3-6533-4744-B1FD-727D199FD2E9}.Debug|x86.ActiveCfg = Debug|x64
		{5018F6A3-6533-4744-B1FD-727D199FD2E9}.Profile|x64.ActiveCfg = Release|x64
		{5018F6A3-6533-4744-B1FD-727D199FD2E9}.Profile|x64.Build.0 = Release|x64
		{5018F6A3-6533-4744-B1FD-727D199FD2E9}.Profile|x86.ActiveCfg = Release|x64
		{5018F6A3-6533-4744-B1FD-727D199FD2E9}.Profile|x86.Build.0 = Release|x64
		{5018F6A3-6533-4744-B1FD-727D199FD2E9}.Release|x64.ActiveCfg = Release|x64
		{5018F6A3-6533-4744-B1FD-727D199FD2E9}.Release|x64.Build.0 = Release|x64
		{5018F6A3-6533-4744-B1FD-727D199FD2E9}.Release|x86.ActiveCfg = Release|x64
		{A0848C98-F5AA-431C-9E76-7F1E7EFA368C}.Debug|x64.ActiveCfg = Debug|x64
		{A0848C98-F5AA-431C-9E76-7F1E7EFA368C}.Debug|x64.Build.0 = Debug|x64
		{A0848C98-F5AA-431C-9E76-7F1E7EFA368C}.Debug|x86.ActiveCfg = Debug|x64
		{A0848C98-F5AA-431C-9E76-7F1E7EFA368C}.Profile|x64.ActiveCfg = Release|x64
		{A0848C98-F5AA-431C-9E76-7F1E7EFA368C}.Profile|x64.Build.0 = Release|x64
		{A0848C98-F5AA-431C-9E76-7F1E7EFA368C}.Profile|x86.ActiveCfg = Release|x64
		{A0848C98-F5AA-431C-9E76-7F1E7EFA368C}.Profile|x86.Build.0 = Release|x64
		{A0848C98-F5AA-431C-9E76-7F1E7EFA368C}.Release|x64.ActiveCfg = Release|x64
		{A0848C98-F5AA-431C-9E76-7F1E7EFA368C}.Release|x64.Build.0 = Release|x64
		{A0848C98-F5AA-431C-9E76-7F1E7EFA368C}.Release|x86.ActiveCfg = Release|x64
		{86A58508-0D6A-4786-A32F-01A301FDC6F3}.Debug|x64.ActiveCfg = Debug|x64
		{86A58508-0D6A-4786-A32F-01A301FDC6F3}.Debug|x64.Build.0 = Debug|x64
		{86A58508-0D6A-4786-A32F-01A301FDC6F3}.Debug|x86.ActiveCfg = Debug|x64
		{86A58508-0D6A-4786-A32F-01A301FDC6F3}.Profile|x64.ActiveCfg = Profile|x64
		{86A58508-0D6A-4786-A32F-01A301FDC6F3}.Profile|x64.Build.0 = Profile|x64
		{86A58508-0D6A-4786-A32F-01A301FDC6F3}.Profile|x86.ActiveCfg = Profile|x64
		{86A58508-0D6A-4786-A32F-01A301FDC6F3}.Release|x64.ActiveCfg = Release|x64
		{86A58508-0D6A-4786-A32F-01A301FDC6F3}.Release|x64.Build.0 = Release|x64
		{86A58508-0D6A-4786-A32F-01A301FDC6F3}.Release|x86.ActiveCfg = Release|x64
		{5D3AEEFB-8789-48E5-9BD9-09C667052D09}.Debug|x64.ActiveCfg = Debug|x64
		{5D3AEEFB-8789-48E5-9BD9-09C667052D09}.Debug|x64.Build.0 = Debug|x64
		{5D3AEEFB-8789-48E5-9BD9-09C667052D09}.Debug|x86.ActiveCfg = Debug|x64
		{5D3AEEFB-8789-48E5-9BD9-09C667052D09}.Profile|x64.ActiveCfg = Profile|x64
		{5D3AEEFB-8789-48E5-9BD9-09C667052D09}.Profile|x64.Build.0 = Profile|x64
		{5D3AEEFB-8789-48E5-9BD9-09C667052D09}.Profile|x86.ActiveCfg = Profile|x64
		{5D3AEEFB-8789-48E5-9BD9-09C667052D09}.Release|x64.ActiveCfg = Release|x64
		{5D3AEEFB-8789-48E5-9BD9-09C667052D09}.Release|x64.Build.0 = Release|x64
		{5D3AEEFB-8789-48E5-9BD9-09C667052D09}.Release|x86.ActiveCfg = Release|x64
		{315A1E1B-3732-41FE-9B4A-6A1E103BA2F5}.Debug|x64.ActiveCfg = Debug|x64
		{315A1E1B-3732-41FE-9B4A-6A1E103BA2F5}.Debug|x64.Build.0 = Debug|x64
		{315A1E1B-3732-41FE-9B4A-6A1E103BA2F5}.Debug|x86.ActiveCfg = Debug|x64
		{315A1E1B-3732-41FE-9B4A-6A1E103BA2F5}.Profile|x64.ActiveCfg = Profile|x64
		{315A1E1B-3732-41FE-9B4A-6A1E103BA2F5}.Profile|x64.Build.0 = Profile|x64
		{315A1E1B-3732-41FE-9B4A-6A1E103BA2F5}.Profile|x86.ActiveCfg = Profile|x64
		{315A1E1B-3732-41FE-9B4A-6A1E103BA2F5}.Release|x64.ActiveCfg = Release|x64
		{315A1E1B-3732-41FE-9B4A-6A1E103BA2F5}.Release|x64.Build.0 = Release|x64
		{315A1E1B-3732-41FE-9B4A-6A1E103BA2F5}.Release|x86.ActiveCfg = Release|x64
		{4BE280A6-1066-41CA-ACDD-6BB7E532508B}.Debug|x64.ActiveCfg = Debug|x64
		{4BE280A6-1066-41CA-ACDD-6BB7E532508B}.Debug|x64.Build.0 = Debug|x64
		{4BE280A6-1066-41CA-ACDD-6BB7E532508B}.Debug|x86.ActiveCfg = Debug|x64
		{4BE280A6-1066-41CA-ACDD-6BB7E532508B}.Profile|x64.ActiveCfg = Profile|x64
		{4BE280A6-1066-41CA-ACDD-6BB7E532508B}.Profile|x64.Build.0 = Profile|x64
		{4BE280A6-1066-41CA-ACDD-6BB7E532508B}.Profile|x86.ActiveCfg = Profile|x64
		{4BE280A6-1066-41CA-ACDD-6BB7E532508B}.Release|x64.ActiveCfg = Release|x64
		{4BE280A6-1066-41CA-ACDD-6BB7E532508B}.Release|x64.Build.0 = Release|x64
		{4BE280A6-1066-41CA-ACDD-6BB7E532508B}.Release|x86.ActiveCfg = Release|x64
		{13F1830C-EA8D-4488-89C8-70AAB15972AA}.Debug|x64.ActiveCfg = Debug|x64
		{13F1830C-EA8D-4488-89C8-70AAB15972AA}.Debug|x64.Build.0 = Debug|x64
		{13F1830C-EA8D-4488-89C8-70AAB15972AA}.Debug|x86.ActiveCfg = Debug|Win32
		{13F1830C-EA8D-4488-89C8-70AAB15972AA}.Debug|x86.Build.0 = Debug|Win32
		{13F1830C-EA8D-4488-89C8-70AAB15972AA}.Profile|x64.ActiveCfg = Release|x64
		{13F1830C-EA8D-4488-89C8-70AAB15972AA}.Profile|x64.Build.0 = Release|x64
		{13F1830C-EA8D-4488-89C8-70AAB15972AA}.Profile|x86.ActiveCfg = Release|Win32
		{13F1830C-EA8D-4488-89C8-70AAB15972AA}.Profile|x86.Build.0 = Release|Win32
		{13F1830C-EA8D-4488-89C8-70AAB15972AA}.Release|x64.ActiveCfg = Release|x64
		{13F1830C-EA8D-4488-89C8-70AAB15972AA}.Release|x64.Build.0 = Release|x64
		{13F1830C-EA8D-4488-89C8-70AAB15972AA}.Release|x64.Deploy.0 = Release|x64
		{13F1830C-EA8D-4488-89C8-70AAB15972AA}.Release|x86.ActiveCfg = Release|Win32
		{13F1830C-EA8D-4488-89C8-70AAB15972AA}.Release|x86.Build.0 = Release|Win32
		{0C266269-AC0C-41B0-9D25-0117DC23CFC7}.Debug|x64.ActiveCfg = Debug|x64
		{0C266269-AC0C-41B0-9D25-0117DC23CFC7}.Debug|x64.Build.0 = Debug|x64
		{0C266269-AC0C-41B0-9D25-0117DC23CFC7}.Debug|x86.ActiveCfg = Debug|x64
		{0C266269-AC0C-41B0-9D25-0117DC23CFC7}.Profile|x64.ActiveCfg = Release|x64
		{0C266269-AC0C-41B0-9D25-0117DC23CFC7}.Profile|x64.Build.0 = Release|x64
		{0C266269-AC0C-41B0-9D25-0117DC23CFC7}.Profile|x86.ActiveCfg = Release|x64
		{0C266269-AC0C-41B0-9D25-0117DC23CFC7}.Profile|x86.Build.0 = Release|x64
		{0C266269-AC0C-41B0-9D25-0117DC23CFC7}.Release|x64.ActiveCfg = Release|x64
		{0C266269-AC0C-41B0-9D25-0117DC23CFC7}.Release|x64.Build.0 = Release|x64
		{0C266269-AC0C-41B0-9D25-0117DC23CFC7}.Release|x86.ActiveCfg = Release|x64
		{19585C81-FB12-4A4B-B700-CCE253BDBA02}.Debug|x64.ActiveCfg = Debug|x64
		{19585C81-FB12-4A4B-B700-CCE253BDBA02}.Debug|x64.Build.0 = Debug|x64
		{19585C81-FB12-4A4B-B700-CCE253BDBA02}.Debug|x86.ActiveCfg = Debug|x64
		{19585C81-FB12-4A4B-B700-CCE253BDBA02}.Profile|x64.ActiveCfg = Release|x64
		{19585C81-FB12-4A4B-B700-CCE253BDBA02}.Profile|x64.Build.0 = Release|x64
		{19585C81-FB12-4A4B-B700-CCE253BDBA02}.Profile|x86.ActiveCfg = Release|x64
		{19585C81-FB12-4A4B-B700-CCE253BDBA02}.Profile|x86.Build.0 = Release|x64
		{19585C81-FB12-4A4B-B700-CCE253BDBA02}.Release|x64.ActiveCfg = Release|x64
		{19585C81-FB12-4A4B-B700-CCE253BDBA02}.Release|x64.Build.0 = Release|x64
		{19585C81-FB12-4A4B-B700-CCE253BDBA02}.Release|x86.ActiveCfg = Release|x64
		{FA2D9302-9DA0-44B3-90DB-2DCF724676C1}.Debug|x64.ActiveCfg = Debug|x64
		{FA2D9302-9DA0-44B3-90DB-2DCF724676C1}.Debug|x64.Build.0 = Debug|x64
		{FA2D9302-9DA0-44B3-90DB-2DCF724676C1}.Debug|x86.ActiveCfg = Debug|Win32
		{FA2D9302-9DA0-44B3-90DB-2DCF724676C1}.Debug|x86.Build.0 = Debug|Win32
		{FA2D9302-9DA0-44B3-90DB-2DCF724676C1}.Profile|x64.ActiveCfg = Release|x64
		{FA2D9302-9DA0-44B3-90DB-2DCF724676C1}.Profile|x64.Build.0 = Release|x64
		{FA2D9302-9DA0-44B3-90DB-2DCF724676C1}.Profile|x86.ActiveCfg = Release|Win32
		{FA2D9302-9DA0-44B3-90DB-2DCF724676C1}.Profile|x86.Build.0 = Release|Win32
		{FA2D9302-9DA0-44B3-90DB-2DCF724676C1}.Release|x64.ActiveCfg = Release|x64
		{FA2D9302-9DA0-44B3-90DB-2DCF724676C1}.Release|x64.Build.0 = Release|x64
		{FA2D9302-9DA0-44B3-90DB-2DCF724676C1}.Release|x86.ActiveCfg = Release|Win32
		{FA2D9302-9DA0-44B3-90DB-2DCF724676C1}.Release|x86.Build.0 = Release|Win32
	EndGlobalSection
	GlobalSection(SolutionProperties) = preSolution
		HideSolutionNode = FALSE
	EndGlobalSection
	GlobalSection(NestedProjects) = preSolution
		{5018F6A3-6533-4744-B1FD-727D199FD2E9} = {22B9FE19-4D5A-4F3F-ABEA-F9ACB1574331}
		{A0848C98-F5AA-431C-9E76-7F1E7EFA368C} = {22B9FE19-4D5A-4F3F-ABEA-F9ACB1574331}
		{86A58508-0D6A-4786-A32F-01A301FDC6F3} = {0B851798-A730-4A11-A717-668D40A26088}
		{5D3AEEFB-8789-48E5-9BD9-09C667052D09} = {0B851798-A730-4A11-A717-668D40A26088}
		{315A1E1B-3732-41FE-9B4A-6A1E103BA2F5} = {024FAECC-CCE3-4B06-9F06-C83FB58877EF}
		{4BE280A6-1066-41CA-ACDD-6BB7E532508B} = {4F686017-C76B-497E-8405-7F023968E8AF}
		{13F1830C-EA8D-4488-89C8-70AAB15972AA} = {4F686017-C76B-497E-8405-7F023968E8AF}
		{22B9FE19-4D5A-4F3F-ABEA-F9ACB1574331} = {250B50F1-543D-4D9D-B4FC-A1EA4E61B9E4}
		{024FAECC-CCE3-4B06-9F06-C83FB58877EF} = {250B50F1-543D-4D9D-B4FC-A1EA4E61B9E4}
		{0C266269-AC0C-41B0-9D25-0117DC23CFC7} = {22B9FE19-4D5A-4F3F-ABEA-F9ACB1574331}
		{19585C81-FB12-4A4B-B700-CCE253BDBA02} = {22B9FE19-4D5A-4F3F-ABEA-F9ACB1574331}
		{FA2D9302-9DA0-44B3-90DB-2DCF724676C1} = {4F686017-C76B-497E-8405-7F023968E8AF}
	EndGlobalSection
	GlobalSection(ExtensibilityGlobals) = postSolution
		SolutionGuid = {F763A25B-2115-4E87-87C4-2C6AA75C1542}
	EndGlobalSection
EndGlobal
