<?xml version="1.0" encoding="utf-8"?>
<Project ToolsVersion="14.0" xmlns="http://schemas.microsoft.com/developer/msbuild/2003">
  <ItemGroup>
    <Filter Include="Source Files">
      <UniqueIdentifier>{4FC737F1-C7A5-4376-A066-2A32D752A2FF}</UniqueIdentifier>
      <Extensions>cpp;c;cc;cxx;def;odl;idl;hpj;bat;asm;asmx</Extensions>
    </Filter>
  </ItemGroup>
  <ItemGroup>
    <ClCompile Include="ModelConvert.cpp">
      <Filter>Source Files</Filter>
    </ClCompile>
    <ClCompile Include="IndexOptimizePostTransform.cpp">
      <Filter>Source Files</Filter>
    </ClCompile>
    <ClCompile Include="ModelAssimp.cpp">
      <Filter>Source Files</Filter>
    </ClCompile>
    <ClCompile Include="ModelOptimize.cpp">
      <Filter>Source Files</Filter>
    </ClCompile>
  </ItemGroup>
  <ItemGroup>
    <None Include="packages.config" />
  </ItemGroup>
  <ItemGroup>
    <ClInclude Include="IndexOptimizePostTransform.h">
      <Filter>Source Files</Filter>
    </ClInclude>
    <ClInclude Include="ModelAssimp.h">
      <Filter>Source Files</Filter>
    </ClInclude>
  </ItemGroup>
</Project>