<?xml version="1.0" encoding="utf-8"?>
<Project ToolsVersion="4.0" xmlns="http://schemas.microsoft.com/developer/msbuild/2003">
  <ItemGroup>
    <FxCompile Include="*Lib.hlsl" />
    <FxCompile Include="*Lib.hlsl" />
    <FxCompile Include="*Lib.hlsl" />
    <FxCompile Include="*Lib.hlsl" />
    <FxCompile Include="*Lib.hlsl" />
    <FxCompile Include="Shaders\DepthViewerPS.hlsl">
      <Filter>Shaders</Filter>
    </FxCompile>
    <FxCompile Include="Shaders\DepthViewerVS.hlsl">
      <Filter>Shaders</Filter>
    </FxCompile>
    <FxCompile Include="*Lib.hlsl">
      <Filter>Shaders</Filter>
    </FxCompile>
    <FxCompile Include="Shaders\FillLightGridCS_8.hlsl">
      <Filter>Shaders</Filter>
    </FxCompile>
    <FxCompile Include="Shaders\FillLightGridCS_16.hlsl">
      <Filter>Shaders</Filter>
    </FxCompile>
    <FxCompile Include="Shaders\FillLightGridCS_24.hlsl">
      <Filter>Shaders</Filter>
    </FxCompile>
    <FxCompile Include="Shaders\FillLightGridCS_32.hlsl">
      <Filter>Shaders</Filter>
    </FxCompile>
    <FxCompile Include="*Lib.hlsl">
      <Filter>Shaders</Filter>
    </FxCompile>
    <FxCompile Include="*Lib.hlsl">
      <Filter>Shaders</Filter>
    </FxCompile>
    <FxCompile Include="*Lib.hlsl">
      <Filter>Shaders</Filter>
    </FxCompile>
    <FxCompile Include="Shaders\ModelViewerPS.hlsl">
      <Filter>Shaders</Filter>
    </FxCompile>
    <FxCompile Include="Shaders\ModelViewerVS.hlsl">
      <Filter>Shaders</Filter>
    </FxCompile>
    <FxCompile Include="*Lib.hlsl">
      <Filter>Shaders</Filter>
    </FxCompile>
    <FxCompile Include="*Lib.hlsl">
      <Filter>Shaders</Filter>
    </FxCompile>
    <FxCompile Include="*Lib.hlsl">
      <Filter>Shaders</Filter>
    </FxCompile>
    <FxCompile Include="Shaders\WaveTileCountPS.hlsl">
      <Filter>Shaders</Filter>
    </FxCompile>
    <FxCompile Include="*Lib.hlsl" />
    <FxCompile Include="*Lib.hlsl" />
    <FxCompile Include="*Lib.hlsl" />
    <FxCompile Include="*Lib.hlsl" />
    <FxCompile Include="*Lib.hlsl" />
    <FxCompile Include="*Lib.hlsl" />
    <FxCompile Include="*Lib.hlsl" />
    <FxCompile Include="*Lib.hlsl" />
    <FxCompile Include="*Lib.hlsl" />
    <FxCompile Include="*Lib.hlsl" />
    <FxCompile Include="*Lib.hlsl" />
    <FxCompile Include="*Lib.hlsl" />
    <FxCompile Include="*Lib.hlsl" />
    <FxCompile Include="*Lib.hlsl" />
    <FxCompile Include="*Lib.hlsl" />
    <FxCompile Include="*Lib.hlsl" />
    <FxCompile Include="*Lib.hlsl" />
    <FxCompile Include="*Lib.hlsl" />
    <FxCompile Include="*Lib.hlsl" />
    <FxCompile Include="*Lib.hlsl" />
    <FxCompile Include="*Lib.hlsl" />
    <FxCompile Include="*Lib.hlsl" />
    <FxCompile Include="*Lib.hlsl" />
    <FxCompile Include="*Lib.hlsl" />
    <FxCompile Include="*Lib.hlsl" />
    <FxCompile Include="*Lib.hlsl" />
    <FxCompile Include="*Lib.hlsl" />
    <FxCompile Include="*Lib.hlsl" />
    <FxCompile Include="*Lib.hlsl" />
    <FxCompile Include="*Lib.hlsl" />
    <FxCompile Include="*Lib.hlsl" />
    <FxCompile Include="*Lib.hlsl" />
    <FxCompile Include="*Lib.hlsl" />
    <FxCompile Include="*Lib.hlsl" />
    <FxCompile Include="*Lib.hlsl" />
    <FxCompile Include="*Lib.hlsl" />
    <FxCompile Include="*Lib.hlsl" />
    <FxCompile Include="*Lib.hlsl" />
    <FxCompile Include="*Lib.hlsl" />
    <FxCompile Include="*Lib.hlsl" />
    <FxCompile Include="*Lib.hlsl" />
    <FxCompile Include="*Lib.hlsl" />
    <FxCompile Include="*Lib.hlsl" />
    <FxCompile Include="*Lib.hlsl" />
    <FxCompile Include="*Lib.hlsl" />
    <FxCompile Include="*Lib.hlsl" />
    <FxCompile Include="*Lib.hlsl" />
    <FxCompile Include="*Lib.hlsl" />
    <FxCompile Include="*Lib.hlsl" />
    <FxCompile Include="*Lib.hlsl" />
    <FxCompile Include="*Lib.hlsl" />
    <FxCompile Include="*Lib.hlsl" />
    <FxCompile Include="*Lib.hlsl" />
    <FxCompile Include="*Lib.hlsl" />
    <FxCompile Include="*Lib.hlsl" />
    <FxCompile Include="*Lib.hlsl" />
    <FxCompile Include="*Lib.hlsl" />
    <FxCompile Include="*Lib.hlsl" />
    <FxCompile Include="*Lib.hlsl" />
    <FxCompile Include="*Lib.hlsl" />
    <FxCompile Include="*Lib.hlsl" />
    <FxCompile Include="*Lib.hlsl" />
    <FxCompile Include="*Lib.hlsl" />
    <FxCompile Include="*Lib.hlsl" />
    <FxCompile Include="*Lib.hlsl" />
    <FxCompile Include="*Lib.hlsl" />
    <FxCompile Include="*Lib.hlsl">
      <Filter>Shaders</Filter>
    </FxCompile>
    <FxCompile Include="*Lib.hlsl">
      <Filter>Shaders</Filter>
    </FxCompile>
    <FxCompile Include="*Lib.hlsl">
      <Filter>Shaders</Filter>
    </FxCompile>
    <FxCompile Include="*Lib.hlsl">
      <Filter>Shaders</Filter>
    </FxCompile>
    <FxCompile Include="*Lib.hlsl">
      <Filter>Shaders</Filter>
    </FxCompile>
    <FxCompile Include="*Lib.hlsl">
      <Filter>Shaders</Filter>
    </FxCompile>
    <FxCompile Include="*Lib.hlsl">
      <Filter>Shaders</Filter>
    </FxCompile>
    <FxCompile Include="*Lib.hlsl" />
    <FxCompile Include="*Lib.hlsl" />
    <FxCompile Include="*Lib.hlsl" />
    <FxCompile Include="*Lib.hlsl" />
    <FxCompile Include="*Lib.hlsl" />
    <FxCompile Include="*Lib.hlsl" />
    <FxCompile Include="*Lib.hlsl" />
    <FxCompile Include="*Lib.hlsl" />
    <FxCompile Include="*Lib.hlsl" />
    <FxCompile Include="*Lib.hlsl" />
    <FxCompile Include="*Lib.hlsl" />
    <FxCompile Include="*Lib.hlsl" />
    <FxCompile Include="*Lib.hlsl" />
    <FxCompile Include="*Lib.hlsl" />
    <FxCompile Include="*Lib.hlsl" />
    <FxCompile Include="*Lib.hlsl" />
    <FxCompile Include="*Lib.hlsl" />
    <FxCompile Include="*Lib.hlsl" />
    <FxCompile Include="*Lib.hlsl" />
    <FxCompile Include="*Lib.hlsl" />
    <FxCompile Include="*Lib.hlsl" />
    <FxCompile Include="*Lib.hlsl" />
    <FxCompile Include="*Lib.hlsl" />
    <FxCompile Include="*Lib.hlsl" />
    <FxCompile Include="*Lib.hlsl" />
    <FxCompile Include="*Lib.hlsl" />
    <FxCompile Include="*Lib.hlsl" />
    <FxCompile Include="*Lib.hlsl" />
    <FxCompile Include="*Lib.hlsl" />
    <FxCompile Include="*Lib.hlsl" />
    <FxCompile Include="*Lib.hlsl" />
    <FxCompile Include="*Lib.hlsl" />
    <FxCompile Include="*Lib.hlsl" />
    <FxCompile Include="*Lib.hlsl" />
    <FxCompile Include="*Lib.hlsl" />
    <FxCompile Include="*Lib.hlsl" />
    <FxCompile Include="*Lib.hlsl" />
    <FxCompile Include="*Lib.hlsl" />
    <FxCompile Include="*Lib.hlsl" />
    <FxCompile Include="*Lib.hlsl" />
    <FxCompile Include="*Lib.hlsl" />
    <FxCompile Include="*Lib.hlsl" />
    <FxCompile Include="*Lib.hlsl" />
    <FxCompile Include="*Lib.hlsl" />
    <FxCompile Include="*Lib.hlsl" />
    <FxCompile Include="*Lib.hlsl" />
    <FxCompile Include="*Lib.hlsl" />
    <FxCompile Include="*Lib.hlsl" />
    <FxCompile Include="*Lib.hlsl" />
    <FxCompile Include="*Lib.hlsl" />
    <FxCompile Include="*Lib.hlsl" />
    <FxCompile Include="*Lib.hlsl" />
    <FxCompile Include="*Lib.hlsl" />
    <FxCompile Include="*Lib.hlsl" />
    <FxCompile Include="*Lib.hlsl" />
    <FxCompile Include="*Lib.hlsl" />
    <FxCompile Include="*Lib.hlsl" />
    <FxCompile Include="*Lib.hlsl" />
    <FxCompile Include="*Lib.hlsl" />
    <FxCompile Include="*Lib.hlsl" />
  </ItemGroup>
  <ItemGroup>
    <ClCompile Include="ForwardPlusLighting.cpp" />
    <ClCompile Include="ModelViewer.cpp" />
  </ItemGroup>
  <ItemGroup>
    <ClInclude Include="ForwardPlusLighting.h" />
    <ClInclude Include="ModelViewerRayTracing.h" />
    <ClInclude Include="RayTracingHlslCompat.h">
      <Filter>Shaders</Filter>
    </ClInclude>
    <ClInclude Include="DXSampleHelper.h" />
  </ItemGroup>
  <ItemGroup>
    <Image Include="Textures\Models\background.DDS">
      <Filter>Resources</Filter>
    </Image>
    <Image Include="Textures\Models\background_normal.DDS">
      <Filter>Resources</Filter>
    </Image>
    <Image Include="Textures\Models\chain_texture.DDS">
      <Filter>Resources</Filter>
    </Image>
    <Image Include="Textures\Models\chain_texture_normal.DDS">
      <Filter>Resources</Filter>
    </Image>
    <Image Include="Textures\default.DDS">
      <Filter>Resources</Filter>
    </Image>
    <Image Include="Textures\default_normal.DDS">
      <Filter>Resources</Filter>
    </Image>
    <Image Include="Textures\default_specular.DDS">
      <Filter>Resources</Filter>
    </Image>
    <Image Include="Textures\fire.dds">
      <Filter>Resources</Filter>
    </Image>
    <Image Include="Textures\Models\gi_flag.DDS">
      <Filter>Resources</Filter>
    </Image>
    <Image Include="Textures\Models\lion.DDS">
      <Filter>Resources</Filter>
    </Image>
    <Image Include="Textures\Models\lion_normal.DDS">
      <Filter>Resources</Filter>
    </Image>
    <Image Include="Logo.png">
      <Filter>Resources</Filter>
    </Image>
    <Image Include="SmallLogo.png">
      <Filter>Resources</Filter>
    </Image>
    <Image Include="Textures\smoke.dds">
      <Filter>Resources</Filter>
    </Image>
    <Image Include="Textures\sparkTex.dds">
      <Filter>Resources</Filter>
    </Image>
    <Image Include="SplashScreen.png">
      <Filter>Resources</Filter>
    </Image>
    <Image Include="Textures\Models\spnza_bricks_a.DDS">
      <Filter>Resources</Filter>
    </Image>
    <Image Include="Textures\Models\spnza_bricks_a_normal.DDS">
      <Filter>Resources</Filter>
    </Image>
    <Image Include="Textures\Models\spnza_bricks_a_specular.DDS">
      <Filter>Resources</Filter>
    </Image>
    <Image Include="Textures\Models\sponza_arch.DDS">
      <Filter>Resources</Filter>
    </Image>
    <Image Include="Textures\Models\sponza_arch_normal.DDS">
      <Filter>Resources</Filter>
    </Image>
    <Image Include="Textures\Models\sponza_arch_specular.DDS">
      <Filter>Resources</Filter>
    </Image>
    <Image Include="Textures\Models\sponza_ceiling_a.DDS">
      <Filter>Resources</Filter>
    </Image>
    <Image Include="Textures\Models\sponza_ceiling_a_specular.DDS">
      <Filter>Resources</Filter>
    </Image>
    <Image Include="Textures\Models\sponza_column_a.DDS">
      <Filter>Resources</Filter>
    </Image>
    <Image Include="Textures\Models\sponza_column_a_normal.DDS">
      <Filter>Resources</Filter>
    </Image>
    <Image Include="Textures\Models\sponza_column_a_specular.DDS">
      <Filter>Resources</Filter>
    </Image>
    <Image Include="Textures\Models\sponza_column_b.DDS">
      <Filter>Resources</Filter>
    </Image>
    <Image Include="Textures\Models\sponza_column_b_normal.DDS">
      <Filter>Resources</Filter>
    </Image>
    <Image Include="Textures\Models\sponza_column_b_specular.DDS">
      <Filter>Resources</Filter>
    </Image>
    <Image Include="Textures\Models\sponza_column_c.DDS">
      <Filter>Resources</Filter>
    </Image>
    <Image Include="Textures\Models\sponza_column_c_normal.DDS">
      <Filter>Resources</Filter>
    </Image>
    <Image Include="Textures\Models\sponza_column_c_specular.DDS">
      <Filter>Resources</Filter>
    </Image>
    <Image Include="Textures\Models\sponza_curtain.DDS">
      <Filter>Resources</Filter>
    </Image>
    <Image Include="Textures\Models\sponza_curtain_blue.DDS">
      <Filter>Resources</Filter>
    </Image>
    <Image Include="Textures\Models\sponza_curtain_green.DDS">
      <Filter>Resources</Filter>
    </Image>
    <Image Include="Textures\Models\sponza_details.DDS">
      <Filter>Resources</Filter>
    </Image>
    <Image Include="Textures\Models\sponza_details_specular.DDS">
      <Filter>Resources</Filter>
    </Image>
    <Image Include="Textures\Models\sponza_fabric.DDS">
      <Filter>Resources</Filter>
    </Image>
    <Image Include="Textures\Models\sponza_fabric_blue.DDS">
      <Filter>Resources</Filter>
    </Image>
    <Image Include="Textures\Models\sponza_fabric_green.DDS">
      <Filter>Resources</Filter>
    </Image>
    <Image Include="Textures\Models\sponza_fabric_specular.DDS">
      <Filter>Resources</Filter>
    </Image>
    <Image Include="Textures\Models\sponza_flagpole.DDS">
      <Filter>Resources</Filter>
    </Image>
    <Image Include="Textures\Models\sponza_flagpole_specular.DDS">
      <Filter>Resources</Filter>
    </Image>
    <Image Include="Textures\Models\sponza_floor_a.DDS">
      <Filter>Resources</Filter>
    </Image>
    <Image Include="Textures\Models\sponza_floor_a_specular.DDS">
      <Filter>Resources</Filter>
    </Image>
    <Image Include="Textures\Models\sponza_roof.DDS">
      <Filter>Resources</Filter>
    </Image>
    <Image Include="Textures\Models\sponza_thorn.DDS">
      <Filter>Resources</Filter>
    </Image>
    <Image Include="Textures\Models\sponza_thorn_normal.DDS">
      <Filter>Resources</Filter>
    </Image>
    <Image Include="Textures\Models\sponza_thorn_specular.DDS">
      <Filter>Resources</Filter>
    </Image>
    <Image Include="StoreLogo.png">
      <Filter>Resources</Filter>
    </Image>
    <Image Include="Textures\Models\vase.DDS">
      <Filter>Resources</Filter>
    </Image>
    <Image Include="Textures\Models\vase_hanging.DDS">
      <Filter>Resources</Filter>
    </Image>
    <Image Include="Textures\Models\vase_normal.DDS">
      <Filter>Resources</Filter>
    </Image>
    <Image Include="Textures\Models\vase_plant.DDS">
      <Filter>Resources</Filter>
    </Image>
    <Image Include="Textures\Models\vase_plant_specular.DDS">
      <Filter>Resources</Filter>
    </Image>
    <Image Include="Textures\Models\vase_round.DDS">
      <Filter>Resources</Filter>
    </Image>
    <Image Include="Textures\Models\vase_round_normal.DDS">
      <Filter>Resources</Filter>
    </Image>
    <Image Include="Textures\Models\vase_round_specular.DDS">
      <Filter>Resources</Filter>
    </Image>
    <Image Include="Textures\Models\white.DDS">
      <Filter>Resources</Filter>
    </Image>
    <Image Include="WideLogo.png">
      <Filter>Resources</Filter>
    </Image>
  </ItemGroup>
  <ItemGroup>
    <None Include="Shaders\FillLightGridCS.hlsli">
      <Filter>Shaders</Filter>
    </None>
    <None Include="Shaders\LightGrid.hlsli">
      <Filter>Shaders</Filter>
    </None>
    <None Include="Models\sponza.h3d">
      <Filter>Resources</Filter>
    </None>
    <None Include="Shaders\ModelViewerRS.hlsli">
      <Filter>Shaders</Filter>
    </None>
    <None Include="readme.md" />
    <None Include="packages.config" />
  </ItemGroup>
  <ItemGroup>
    <Filter Include="Shaders">
      <UniqueIdentifier>{432e44b5-99f5-4002-a860-0999ed4e2328}</UniqueIdentifier>
    </Filter>
    <Filter Include="Resources">
      <UniqueIdentifier>{8be3895e-9f38-4b8d-bf48-b94d69970e47}</UniqueIdentifier>
    </Filter>
  </ItemGroup>
</Project>