<?xml version="1.0" encoding="utf-8"?>
<Project ToolsVersion="4.0" xmlns="http://schemas.microsoft.com/developer/msbuild/2003">
  <ItemGroup>
    <Filter Include="Source Files">
      <UniqueIdentifier>{4FC737F1-C7A5-4376-A066-2A32D752A2FF}</UniqueIdentifier>
      <Extensions>cpp;c;cc;cxx;def;odl;idl;hpj;bat;asm;asmx</Extensions>
    </Filter>
    <Filter Include="Header Files">
      <UniqueIdentifier>{93995380-89BD-4b04-88EB-625FBE52EBFB}</UniqueIdentifier>
      <Extensions>h;hh;hpp;hxx;hm;inl;inc;xsd</Extensions>
    </Filter>
    <Filter Include="Header Files\Util">
      <UniqueIdentifier>{0858848d-fbf7-4b5b-a483-7af09a2cb945}</UniqueIdentifier>
    </Filter>
    <Filter Include="Source Files\Util">
      <UniqueIdentifier>{8f0bfa21-ec03-45fd-bcf2-5c03ac1422a9}</UniqueIdentifier>
    </Filter>
    <Filter Include="Assets">
      <UniqueIdentifier>{67DA6AB6-F800-4c08-8B7A-83BB121AAD01}</UniqueIdentifier>
      <Extensions>rc;ico;cur;bmp;dlg;rc2;rct;bin;rgs;gif;jpg;jpeg;jpe;resx;tiff;tif;png;wav;mfcribbon-ms</Extensions>
    </Filter>
    <Filter Include="Assets\Shaders">
      <UniqueIdentifier>{3244b732-e7f4-43f8-82c6-1a16ae519bdb}</UniqueIdentifier>
    </Filter>
  </ItemGroup>
  <ItemGroup>
    <ClInclude Include="FrameResource.h">
      <Filter>Header Files</Filter>
    </ClInclude>
    <ClInclude Include="d3dx12.h">
      <Filter>Header Files\Util</Filter>
    </ClInclude>
    <ClInclude Include="DXSample.h">
      <Filter>Header Files\Util</Filter>
    </ClInclude>
    <ClInclude Include="DXSampleHelper.h">
      <Filter>Header Files\Util</Filter>
    </ClInclude>
    <ClInclude Include="StepTimer.h">
      <Filter>Header Files\Util</Filter>
    </ClInclude>
    <ClInclude Include="stdafx.h">
      <Filter>Header Files</Filter>
    </ClInclude>
    <ClInclude Include="D3D12Multithreading.h">
      <Filter>Header Files</Filter>
    </ClInclude>
    <ClInclude Include="SquidRoom.h">
      <Filter>Header Files\Util</Filter>
    </ClInclude>
    <ClInclude Include="Camera.h">
      <Filter>Header Files\Util</Filter>
    </ClInclude>
    <ClInclude Include="Win32Application.h">
      <Filter>Header Files\Util</Filter>
    </ClInclude>
  </ItemGroup>
  <ItemGroup>
    <ClCompile Include="stdafx.cpp">
      <Filter>Source Files</Filter>
    </ClCompile>
    <ClCompile Include="FrameResource.cpp">
      <Filter>Source Files</Filter>
    </ClCompile>
    <ClCompile Include="Main.cpp">
      <Filter>Source Files</Filter>
    </ClCompile>
    <ClCompile Include="DXSample.cpp">
      <Filter>Source Files\Util</Filter>
    </ClCompile>
    <ClCompile Include="D3D12Multithreading.cpp">
      <Filter>Source Files</Filter>
    </ClCompile>
    <ClCompile Include="Camera.cpp">
      <Filter>Source Files\Util</Filter>
    </ClCompile>
    <ClCompile Include="Win32Application.cpp">
      <Filter>Source Files\Util</Filter>
    </ClCompile>
  </ItemGroup>
  <ItemGroup>
    <CustomBuild Include="SquidRoom.bin">
      <Filter>Assets</Filter>
    </CustomBuild>
    <CustomBuild Include="shaders.hlsl">
      <Filter>Assets\Shaders</Filter>
    </CustomBuild>
  </ItemGroup>
  <ItemGroup>
    <None Include="packages.config" />
  </ItemGroup>
</Project>