
Microsoft Visual Studio Solution File, Format Version 12.00
# Visual Studio Version 17
VisualStudioVersion = 17.12.35707.178 d17.12
MinimumVisualStudioVersion = 10.0.40219.1
Project("{8BC9CEB8-8B4A-11D0-8D11-00A0C91BC942}") = "D3D12HelloTriangle", "HelloTriangle\D3D12HelloTriangle.vcxproj", "{5018F6A3-6533-4744-B1FD-727D199FD2E9}"
EndProject
Project("{8BC9CEB8-8B4A-11D0-8D11-00A0C91BC942}") = "D3D12HelloBundles", "HelloBundles\D3D12HelloBundles.vcxproj", "{CAE2B6C4-B644-4B92-8804-23E18310765B}"
EndProject
Project("{8BC9CEB8-8B4A-11D0-8D11-00A0C91BC942}") = "D3D12HelloWindow", "HelloWindow\D3D12HelloWindow.vcxproj", "{23E282D0-E846-485C-B7A1-DA60F4BEA3D2}"
EndProject
Project("{8BC9CEB8-8B4A-11D0-8D11-00A0C91BC942}") = "D3D12HelloConstBuffers", "HelloConstBuffers\D3D12HelloConstBuffers.vcxproj", "{6F49D366-B5F1-432B-A3E8-5D1CA57865F9}"
EndProject
Project("{8BC9CEB8-8B4A-11D0-8D11-00A0C91BC942}") = "D3D12HelloTexture", "HelloTexture\D3D12HelloTexture.vcxproj", "{16B13BB4-D82D-4AC1-8B40-C6BCCC99954B}"
EndProject
Project("{8BC9CEB8-8B4A-11D0-8D11-00A0C91BC942}") = "D3D12HelloFrameBuffering", "HelloFrameBuffering\D3D12HelloFrameBuffering.vcxproj", "{DF8A573D-FD94-45F8-AED2-0BEFC00B9591}"
EndProject
Project("{8BC9CEB8-8B4A-11D0-8D11-00A0C91BC942}") = "D3D12HelloVAEncode", "HelloVAEncode\D3D12HelloVAEncode.vcxproj", "{940957E3-82D6-4CD8-B39F-6FA47763973F}"
EndProject
Project("{8BC9CEB8-8B4A-11D0-8D11-00A0C91BC942}") = "D3D12HelloVADecode", "HelloVADecode\D3D12HelloVADecode.vcxproj", "{E16591B9-E382-431F-BE17-8C94E5F6AD5E}"
EndProject
Project("{8BC9CEB8-8B4A-11D0-8D11-00A0C91BC942}") = "D3D12HelloVAResourceInterop", "HelloVAResourceInterop\D3D12HelloVAResourceInterop.vcxproj", "{17171787-C5D2-4014-9D1D-BC43074F36A1}"
EndProject
Project("{8BC9CEB8-8B4A-11D0-8D11-00A0C91BC942}") = "D3D12HelloWorkGraphs", "HelloWorkGraphs\D3D12HelloWorkGraphs.vcxproj", "{05080ADC-D456-4058-8064-4791865F796B}"
EndProject
Project("{8BC9CEB8-8B4A-11D0-8D11-00A0C91BC942}") = "D3D12WorkGraphsSandbox", "WorkGraphsSandbox\D3D12WorkGraphsSandbox.vcxproj", "{2725E8EC-0892-499B-ACD5-0EA18157682A}"
EndProject
Project("{8BC9CEB8-8B4A-11D0-8D11-00A0C91BC942}") = "D3D12HelloGenericPrograms", "HelloGenericPrograms\D3D12HelloGenericPrograms.vcxproj", "{7DB43F09-7BD6-4E69-8987-9A919A142852}"
EndProject
Project("{8BC9CEB8-8B4A-11D0-8D11-00A0C91BC942}") = "D3D12HelloMeshNodes", "HelloMeshNodes\D3D12HelloMeshNodes.vcxproj", "{B9680899-F009-406B-BEEE-D0214C1E7592}"
EndProject
Project("{8BC9CEB8-8B4A-11D0-8D11-00A0C91BC942}") = "D3D12HelloTightAlignment", "HelloTightAlignment\D3D12HelloTightAlignment.vcxproj", "{69B1A348-DF87-4335-BC68-FE8C060C7A60}"
EndProject
Global
	GlobalSection(SolutionConfigurationPlatforms) = preSolution
		Debug|x64 = Debug|x64
		Release|x64 = Release|x64
	EndGlobalSection
	GlobalSection(ProjectConfigurationPlatforms) = postSolution
		{5018F6A3-6533-4744-B1FD-727D199FD2E9}.Debug|x64.ActiveCfg = Debug|x64
		{5018F6A3-6533-4744-B1FD-727D199FD2E9}.Debug|x64.Build.0 = Debug|x64
		{5018F6A3-6533-4744-B1FD-727D199FD2E9}.Release|x64.ActiveCfg = Release|x64
		{5018F6A3-6533-4744-B1FD-727D199FD2E9}.Release|x64.Build.0 = Release|x64
		{CAE2B6C4-B644-4B92-8804-23E18310765B}.Debug|x64.ActiveCfg = Debug|x64
		{CAE2B6C4-B644-4B92-8804-23E18310765B}.Debug|x64.Build.0 = Debug|x64
		{CAE2B6C4-B644-4B92-8804-23E18310765B}.Release|x64.ActiveCfg = Release|x64
		{CAE2B6C4-B644-4B92-8804-23E18310765B}.Release|x64.Build.0 = Release|x64
		{23E282D0-E846-485C-B7A1-DA60F4BEA3D2}.Debug|x64.ActiveCfg = Debug|x64
		{23E282D0-E846-485C-B7A1-DA60F4BEA3D2}.Debug|x64.Build.0 = Debug|x64
		{23E282D0-E846-485C-B7A1-DA60F4BEA3D2}.Release|x64.ActiveCfg = Release|x64
		{23E282D0-E846-485C-B7A1-DA60F4BEA3D2}.Release|x64.Build.0 = Release|x64
		{6F49D366-B5F1-432B-A3E8-5D1CA57865F9}.Debug|x64.ActiveCfg = Debug|x64
		{6F49D366-B5F1-432B-A3E8-5D1CA57865F9}.Debug|x64.Build.0 = Debug|x64
		{6F49D366-B5F1-432B-A3E8-5D1CA57865F9}.Release|x64.ActiveCfg = Release|x64
		{6F49D366-B5F1-432B-A3E8-5D1CA57865F9}.Release|x64.Build.0 = Release|x64
		{16B13BB4-D82D-4AC1-8B40-C6BCCC99954B}.Debug|x64.ActiveCfg = Debug|x64
		{16B13BB4-D82D-4AC1-8B40-C6BCCC99954B}.Debug|x64.Build.0 = Debug|x64
		{16B13BB4-D82D-4AC1-8B40-C6BCCC99954B}.Release|x64.ActiveCfg = Release|x64
		{16B13BB4-D82D-4AC1-8B40-C6BCCC99954B}.Release|x64.Build.0 = Release|x64
		{DF8A573D-FD94-45F8-AED2-0BEFC00B9591}.Debug|x64.ActiveCfg = Debug|x64
		{DF8A573D-FD94-45F8-AED2-0BEFC00B9591}.Debug|x64.Build.0 = Debug|x64
		{DF8A573D-FD94-45F8-AED2-0BEFC00B9591}.Release|x64.ActiveCfg = Release|x64
		{DF8A573D-FD94-45F8-AED2-0BEFC00B9591}.Release|x64.Build.0 = Release|x64
		{940957E3-82D6-4CD8-B39F-6FA47763973F}.Debug|x64.ActiveCfg = Debug|x64
		{940957E3-82D6-4CD8-B39F-6FA47763973F}.Debug|x64.Build.0 = Debug|x64
		{940957E3-82D6-4CD8-B39F-6FA47763973F}.Release|x64.ActiveCfg = Release|x64
		{940957E3-82D6-4CD8-B39F-6FA47763973F}.Release|x64.Build.0 = Release|x64
		{E16591B9-E382-431F-BE17-8C94E5F6AD5E}.Debug|x64.ActiveCfg = Debug|x64
		{E16591B9-E382-431F-BE17-8C94E5F6AD5E}.Debug|x64.Build.0 = Debug|x64
		{E16591B9-E382-431F-BE17-8C94E5F6AD5E}.Release|x64.ActiveCfg = Release|x64
		{E16591B9-E382-431F-BE17-8C94E5F6AD5E}.Release|x64.Build.0 = Release|x64
		{17171787-C5D2-4014-9D1D-BC43074F36A1}.Debug|x64.ActiveCfg = Debug|x64
		{17171787-C5D2-4014-9D1D-BC43074F36A1}.Debug|x64.Build.0 = Debug|x64
		{17171787-C5D2-4014-9D1D-BC43074F36A1}.Release|x64.ActiveCfg = Release|x64
		{17171787-C5D2-4014-9D1D-BC43074F36A1}.Release|x64.Build.0 = Release|x64
		{05080ADC-D456-4058-8064-4791865F796B}.Debug|x64.ActiveCfg = Debug|x64
		{05080ADC-D456-4058-8064-4791865F796B}.Debug|x64.Build.0 = Debug|x64
		{05080ADC-D456-4058-8064-4791865F796B}.Release|x64.ActiveCfg = Release|x64
		{05080ADC-D456-4058-8064-4791865F796B}.Release|x64.Build.0 = Release|x64
		{2725E8EC-0892-499B-ACD5-0EA18157682A}.Debug|x64.ActiveCfg = Debug|x64
		{2725E8EC-0892-499B-ACD5-0EA18157682A}.Debug|x64.Build.0 = Debug|x64
		{2725E8EC-0892-499B-ACD5-0EA18157682A}.Release|x64.ActiveCfg = Release|x64
		{2725E8EC-0892-499B-ACD5-0EA18157682A}.Release|x64.Build.0 = Release|x64
		{7DB43F09-7BD6-4E69-8987-9A919A142852}.Debug|x64.ActiveCfg = Debug|x64
		{7DB43F09-7BD6-4E69-8987-9A919A142852}.Debug|x64.Build.0 = Debug|x64
		{7DB43F09-7BD6-4E69-8987-9A919A142852}.Release|x64.ActiveCfg = Release|x64
		{7DB43F09-7BD6-4E69-8987-9A919A142852}.Release|x64.Build.0 = Release|x64
		{B9680899-F009-406B-BEEE-D0214C1E7592}.Debug|x64.ActiveCfg = Debug|x64
		{B9680899-F009-406B-BEEE-D0214C1E7592}.Debug|x64.Build.0 = Debug|x64
		{B9680899-F009-406B-BEEE-D0214C1E7592}.Release|x64.ActiveCfg = Release|x64
		{B9680899-F009-406B-BEEE-D0214C1E7592}.Release|x64.Build.0 = Release|x64
		{69B1A348-DF87-4335-BC68-FE8C060C7A60}.Debug|x64.ActiveCfg = Debug|x64
		{69B1A348-DF87-4335-BC68-FE8C060C7A60}.Debug|x64.Build.0 = Debug|x64
		{69B1A348-DF87-4335-BC68-FE8C060C7A60}.Release|x64.ActiveCfg = Release|x64
		{69B1A348-DF87-4335-BC68-FE8C060C7A60}.Release|x64.Build.0 = Release|x64
	EndGlobalSection
	GlobalSection(SolutionProperties) = preSolution
		HideSolutionNode = FALSE
	EndGlobalSection
	GlobalSection(ExtensibilityGlobals) = postSolution
		SolutionGuid = {797F48C2-AB2F-4F66-94B9-1BEAF96449A0}
	EndGlobalSection
EndGlobal
